// !$*UTF8*$!
{
	archiveVersion = 1;
	classes = {
	};
	objectVersion = 50;
	objects = {

/* Begin PBXBuildFile section */
		674B04FA220DE5F84FE08119 /* Pods_jp4919Tests.framework in Frameworks */ = {isa = PBXBuildFile; fileRef = B6F68BFB5C2113508F8C1AC8 /* Pods_jp4919Tests.framework */; };
		950C904B210C25F900129E97 /* logo in Resources */ = {isa = PBXBuildFile; fileRef = 950C904A210C25F900129E97 /* logo */; };
		950C904D210C279900129E97 /* app_icon in Resources */ = {isa = PBXBuildFile; fileRef = 950C904C210C279900129E97 /* app_icon */; };
		95110BC9210C96AA0036A9DB /* Tutorial.storyboard in Resources */ = {isa = PBXBuildFile; fileRef = 95110BC8210C96AA0036A9DB /* Tutorial.storyboard */; };
		95110BCB210C9FA00036A9DB /* TutorialViewController.swift in Sources */ = {isa = PBXBuildFile; fileRef = 95110BCA210C9FA00036A9DB /* TutorialViewController.swift */; };
		95110BCD210CA0720036A9DB /* TodayMenuViewController.swift in Sources */ = {isa = PBXBuildFile; fileRef = 95110BCC210CA0720036A9DB /* TodayMenuViewController.swift */; };
		951C5BE921565F8000FEA582 /* TanukiMagic.ttf in Resources */ = {isa = PBXBuildFile; fileRef = 951C5BE221564D5600FEA582 /* TanukiMagic.ttf */; };
		954AFC222164EB5F0022BB6F /* Illustration.swift in Sources */ = {isa = PBXBuildFile; fileRef = 954AFC212164EB5F0022BB6F /* Illustration.swift */; };
		954AFC41216545B60022BB6F /* allergy_matsutake.png in Resources */ = {isa = PBXBuildFile; fileRef = 954AFC25216545B20022BB6F /* allergy_matsutake.png */; };
		954AFC42216545B60022BB6F /* allergy_ika.png in Resources */ = {isa = PBXBuildFile; fileRef = 954AFC26216545B20022BB6F /* allergy_ika.png */; };
		954AFC43216545B60022BB6F /* allergy_momo.png in Resources */ = {isa = PBXBuildFile; fileRef = 954AFC27216545B20022BB6F /* allergy_momo.png */; };
		954AFC44216545B60022BB6F /* allergy_butaniku.png in Resources */ = {isa = PBXBuildFile; fileRef = 954AFC28216545B20022BB6F /* allergy_butaniku.png */; };
		954AFC45216545B60022BB6F /* allergy_gyuniku.png in Resources */ = {isa = PBXBuildFile; fileRef = 954AFC29216545B20022BB6F /* allergy_gyuniku.png */; };
		954AFC46216545B60022BB6F /* allergy_sake.png in Resources */ = {isa = PBXBuildFile; fileRef = 954AFC2A216545B20022BB6F /* allergy_sake.png */; };
		954AFC47216545B60022BB6F /* allergy_awabi.png in Resources */ = {isa = PBXBuildFile; fileRef = 954AFC2B216545B20022BB6F /* allergy_awabi.png */; };
		954AFC48216545B60022BB6F /* allergy_gelatine.png in Resources */ = {isa = PBXBuildFile; fileRef = 954AFC2C216545B20022BB6F /* allergy_gelatine.png */; };
		954AFC49216545B60022BB6F /* allergy_daizu.png in Resources */ = {isa = PBXBuildFile; fileRef = 954AFC2D216545B20022BB6F /* allergy_daizu.png */; };
		954AFC4A216545B60022BB6F /* allergy_toriniku.png in Resources */ = {isa = PBXBuildFile; fileRef = 954AFC2E216545B20022BB6F /* allergy_toriniku.png */; };
		954AFC4B216545B60022BB6F /* allergy_ringo.png in Resources */ = {isa = PBXBuildFile; fileRef = 954AFC2F216545B20022BB6F /* allergy_ringo.png */; };
		954AFC4C216545B60022BB6F /* allergy_kurumi.png in Resources */ = {isa = PBXBuildFile; fileRef = 954AFC30216545B20022BB6F /* allergy_kurumi.png */; };
		954AFC4D216545B60022BB6F /* allergy_banana.png in Resources */ = {isa = PBXBuildFile; fileRef = 954AFC31216545B20022BB6F /* allergy_banana.png */; };
		954AFC4E216545B60022BB6F /* allergy_cashew.png in Resources */ = {isa = PBXBuildFile; fileRef = 954AFC32216545B20022BB6F /* allergy_cashew.png */; };
		954AFC4F216545B60022BB6F /* allergy_mikan.png in Resources */ = {isa = PBXBuildFile; fileRef = 954AFC33216545B20022BB6F /* allergy_mikan.png */; };
		954AFC50216545B60022BB6F /* allergy_goma.png in Resources */ = {isa = PBXBuildFile; fileRef = 954AFC34216545B20022BB6F /* allergy_goma.png */; };
		954AFC51216545B60022BB6F /* allergy_kiwi.png in Resources */ = {isa = PBXBuildFile; fileRef = 954AFC35216545B20022BB6F /* allergy_kiwi.png */; };
		954AFC52216545B60022BB6F /* allergy_saba.png in Resources */ = {isa = PBXBuildFile; fileRef = 954AFC36216545B20022BB6F /* allergy_saba.png */; };
		954AFC53216545B60022BB6F /* allergy_yamaimo.png in Resources */ = {isa = PBXBuildFile; fileRef = 954AFC37216545B20022BB6F /* allergy_yamaimo.png */; };
		954AFC54216545B60022BB6F /* allergy_ikura.png in Resources */ = {isa = PBXBuildFile; fileRef = 954AFC38216545B20022BB6F /* allergy_ikura.png */; };
		954AFC55216545B60022BB6F /* allergy_soba.png in Resources */ = {isa = PBXBuildFile; fileRef = 954AFC3A216545B60022BB6F /* allergy_soba.png */; };
		954AFC56216545B60022BB6F /* allergy_kani.png in Resources */ = {isa = PBXBuildFile; fileRef = 954AFC3B216545B60022BB6F /* allergy_kani.png */; };
		954AFC57216545B60022BB6F /* allergy_milk.png in Resources */ = {isa = PBXBuildFile; fileRef = 954AFC3C216545B60022BB6F /* allergy_milk.png */; };
		954AFC58216545B60022BB6F /* allergy_komugi.png in Resources */ = {isa = PBXBuildFile; fileRef = 954AFC3D216545B60022BB6F /* allergy_komugi.png */; };
		954AFC59216545B60022BB6F /* allergy_peanut.png in Resources */ = {isa = PBXBuildFile; fileRef = 954AFC3E216545B60022BB6F /* allergy_peanut.png */; };
		954AFC5A216545B60022BB6F /* allergy_tamago.png in Resources */ = {isa = PBXBuildFile; fileRef = 954AFC3F216545B60022BB6F /* allergy_tamago.png */; };
		954AFC5B216545B60022BB6F /* allergy_ebi.png in Resources */ = {isa = PBXBuildFile; fileRef = 954AFC40216545B60022BB6F /* allergy_ebi.png */; };
		954AFD08216560170022BB6F /* foods.ai in Resources */ = {isa = PBXBuildFile; fileRef = 954AFCEB216560160022BB6F /* foods.ai */; };
		954AFD362165659E0022BB6F /* karaage.png in Resources */ = {isa = PBXBuildFile; fileRef = 954AFD1B2165659D0022BB6F /* karaage.png */; };
		954AFD372165659E0022BB6F /* kobachi.png in Resources */ = {isa = PBXBuildFile; fileRef = 954AFD1C2165659D0022BB6F /* kobachi.png */; };
		954AFD382165659E0022BB6F /* mabodoufu.png in Resources */ = {isa = PBXBuildFile; fileRef = 954AFD1D2165659D0022BB6F /* mabodoufu.png */; };
		954AFD392165659E0022BB6F /* sakana_fly.png in Resources */ = {isa = PBXBuildFile; fileRef = 954AFD1E2165659D0022BB6F /* sakana_fly.png */; };
		954AFD3A2165659E0022BB6F /* yasaiitame.png in Resources */ = {isa = PBXBuildFile; fileRef = 954AFD1F2165659D0022BB6F /* yasaiitame.png */; };
		954AFD3B2165659E0022BB6F /* nuts.png in Resources */ = {isa = PBXBuildFile; fileRef = 954AFD202165659D0022BB6F /* nuts.png */; };
		954AFD3C2165659E0022BB6F /* tonjiru.png in Resources */ = {isa = PBXBuildFile; fileRef = 954AFD212165659D0022BB6F /* tonjiru.png */; };
		954AFD3D2165659E0022BB6F /* nan.png in Resources */ = {isa = PBXBuildFile; fileRef = 954AFD222165659D0022BB6F /* nan.png */; };
		954AFD3E2165659E0022BB6F /* soup.png in Resources */ = {isa = PBXBuildFile; fileRef = 954AFD232165659D0022BB6F /* soup.png */; };
		954AFD3F2165659E0022BB6F /* omlet.png in Resources */ = {isa = PBXBuildFile; fileRef = 954AFD242165659D0022BB6F /* omlet.png */; };
		954AFD402165659E0022BB6F /* koppepan.png in Resources */ = {isa = PBXBuildFile; fileRef = 954AFD252165659E0022BB6F /* koppepan.png */; };
		954AFD412165659E0022BB6F /* curry.png in Resources */ = {isa = PBXBuildFile; fileRef = 954AFD262165659E0022BB6F /* curry.png */; };
		954AFD422165659E0022BB6F /* gohan.png in Resources */ = {isa = PBXBuildFile; fileRef = 954AFD272165659E0022BB6F /* gohan.png */; };
		954AFD432165659E0022BB6F /* nattou.png in Resources */ = {isa = PBXBuildFile; fileRef = 954AFD282165659E0022BB6F /* nattou.png */; };
		954AFD442165659E0022BB6F /* purin.png in Resources */ = {isa = PBXBuildFile; fileRef = 954AFD292165659E0022BB6F /* purin.png */; };
		954AFD452165659E0022BB6F /* dressing.png in Resources */ = {isa = PBXBuildFile; fileRef = 954AFD2A2165659E0022BB6F /* dressing.png */; };
		954AFD462165659E0022BB6F /* misoshiru.png in Resources */ = {isa = PBXBuildFile; fileRef = 954AFD2B2165659E0022BB6F /* misoshiru.png */; };
		954AFD472165659E0022BB6F /* jelly.png in Resources */ = {isa = PBXBuildFile; fileRef = 954AFD2C2165659E0022BB6F /* jelly.png */; };
		954AFD482165659E0022BB6F /* hamburg_steak.png in Resources */ = {isa = PBXBuildFile; fileRef = 954AFD2D2165659E0022BB6F /* hamburg_steak.png */; };
		954AFD492165659E0022BB6F /* gyunyu.png in Resources */ = {isa = PBXBuildFile; fileRef = 954AFD2E2165659E0022BB6F /* gyunyu.png */; };
		954AFD4A2165659E0022BB6F /* fruit_punch.png in Resources */ = {isa = PBXBuildFile; fileRef = 954AFD2F2165659E0022BB6F /* fruit_punch.png */; };
		954AFD4B2165659E0022BB6F /* nikuitame.png in Resources */ = {isa = PBXBuildFile; fileRef = 954AFD302165659E0022BB6F /* nikuitame.png */; };
		954AFD4C2165659E0022BB6F /* udon.png in Resources */ = {isa = PBXBuildFile; fileRef = 954AFD312165659E0022BB6F /* udon.png */; };
		954AFD4D2165659E0022BB6F /* yakisakana.png in Resources */ = {isa = PBXBuildFile; fileRef = 954AFD322165659E0022BB6F /* yakisakana.png */; };
		954AFD4E2165659E0022BB6F /* mikan.png in Resources */ = {isa = PBXBuildFile; fileRef = 954AFD332165659E0022BB6F /* mikan.png */; };
		954AFD4F2165659E0022BB6F /* korokke.png in Resources */ = {isa = PBXBuildFile; fileRef = 954AFD342165659E0022BB6F /* korokke.png */; };
		954AFD502165659E0022BB6F /* nikujaga.png in Resources */ = {isa = PBXBuildFile; fileRef = 954AFD352165659E0022BB6F /* nikujaga.png */; };
		9581B93F212EADAC00F3A20D /* RelamMember.swift in Sources */ = {isa = PBXBuildFile; fileRef = 9581B93E212EADAC00F3A20D /* RelamMember.swift */; };
		9581B941212ED32700F3A20D /* RealmManager.swift in Sources */ = {isa = PBXBuildFile; fileRef = 9581B940212ED32700F3A20D /* RealmManager.swift */; };
		959403FE2136362800E44409 /* GithubAPIManager.swift in Sources */ = {isa = PBXBuildFile; fileRef = 959403FD2136362800E44409 /* GithubAPIManager.swift */; };
		9594040021364A7500E44409 /* Config.swift in Sources */ = {isa = PBXBuildFile; fileRef = 959403FF21364A7500E44409 /* Config.swift */; };
		9594040421367F7C00E44409 /* CitiesSettingViewController.swift in Sources */ = {isa = PBXBuildFile; fileRef = 9594040321367F7C00E44409 /* CitiesSettingViewController.swift */; };
		9594040621368DE400E44409 /* SchoolsSettingViewController.swift in Sources */ = {isa = PBXBuildFile; fileRef = 9594040521368DE400E44409 /* SchoolsSettingViewController.swift */; };
		959404082136E4EA00E44409 /* MenuNavigationViewController.swift in Sources */ = {isa = PBXBuildFile; fileRef = 959404072136E4EA00E44409 /* MenuNavigationViewController.swift */; };
		9594040A2136E97800E44409 /* SettingTableViewController.swift in Sources */ = {isa = PBXBuildFile; fileRef = 959404092136E97800E44409 /* SettingTableViewController.swift */; };
		9594040C2136E9E300E44409 /* SettingNavigationViewController.swift in Sources */ = {isa = PBXBuildFile; fileRef = 9594040B2136E9E300E44409 /* SettingNavigationViewController.swift */; };
		959D596F215C137E000B07EA /* FormattedDate.swift in Sources */ = {isa = PBXBuildFile; fileRef = 959D596E215C137E000B07EA /* FormattedDate.swift */; };
		959D5971215D1944000B07EA /* MonthlyMenuViewController.swift in Sources */ = {isa = PBXBuildFile; fileRef = 959D5970215D1944000B07EA /* MonthlyMenuViewController.swift */; };
		95AE8C6B20BED7E00097CBFF /* AppDelegate.swift in Sources */ = {isa = PBXBuildFile; fileRef = 95AE8C6A20BED7E00097CBFF /* AppDelegate.swift */; };
		95AE8C6D20BED7E00097CBFF /* SplashScreenController.swift in Sources */ = {isa = PBXBuildFile; fileRef = 95AE8C6C20BED7E00097CBFF /* SplashScreenController.swift */; };
		95AE8C7220BED7E20097CBFF /* Assets.xcassets in Resources */ = {isa = PBXBuildFile; fileRef = 95AE8C7120BED7E20097CBFF /* Assets.xcassets */; };
		95AE8C7520BED7E20097CBFF /* LaunchScreen.storyboard in Resources */ = {isa = PBXBuildFile; fileRef = 95AE8C7320BED7E20097CBFF /* LaunchScreen.storyboard */; };
		95AE8C8020BED7E20097CBFF /* jp4919Tests.swift in Sources */ = {isa = PBXBuildFile; fileRef = 95AE8C7F20BED7E20097CBFF /* jp4919Tests.swift */; };
		95AE8C8B20BED7E20097CBFF /* jp4919UITests.swift in Sources */ = {isa = PBXBuildFile; fileRef = 95AE8C8A20BED7E20097CBFF /* jp4919UITests.swift */; };
		95AEE497210C6BFD00241F2B /* GoogleService-Info.plist in Resources */ = {isa = PBXBuildFile; fileRef = 95AEE496210C6BFD00241F2B /* GoogleService-Info.plist */; };
		95AEE49E210C915000241F2B /* Main.storyboard in Resources */ = {isa = PBXBuildFile; fileRef = 95AEE49D210C915000241F2B /* Main.storyboard */; };
		95AEE4A0210C926600241F2B /* SplashScreen.storyboard in Resources */ = {isa = PBXBuildFile; fileRef = 95AEE49F210C926600241F2B /* SplashScreen.storyboard */; };
		95F4BC0C2156611B00096BB3 /* circle.png in Resources */ = {isa = PBXBuildFile; fileRef = 95F4BC032156611B00096BB3 /* circle.png */; };
		95F4BC0E2156611B00096BB3 /* clipboard.png in Resources */ = {isa = PBXBuildFile; fileRef = 95F4BC072156611B00096BB3 /* clipboard.png */; };
		95F4BC0F2156611B00096BB3 /* blackboard.png in Resources */ = {isa = PBXBuildFile; fileRef = 95F4BC082156611B00096BB3 /* blackboard.png */; };
		95F4BC102156611B00096BB3 /* classroom.png in Resources */ = {isa = PBXBuildFile; fileRef = 95F4BC092156611B00096BB3 /* classroom.png */; };
		95F4BC112156611B00096BB3 /* table.png in Resources */ = {isa = PBXBuildFile; fileRef = 95F4BC0A2156611B00096BB3 /* table.png */; };
		95F4BC122156611B00096BB3 /* tray.png in Resources */ = {isa = PBXBuildFile; fileRef = 95F4BC0B2156611B00096BB3 /* tray.png */; };
		95F4BC1A2156682B00096BB3 /* ic_settingx44.png in Resources */ = {isa = PBXBuildFile; fileRef = 95F4BC172156682A00096BB3 /* ic_settingx44.png */; };
		95F4BC1B2156682B00096BB3 /* ic_settingx66.png in Resources */ = {isa = PBXBuildFile; fileRef = 95F4BC182156682A00096BB3 /* ic_settingx66.png */; };
		95F4BC1C2156682B00096BB3 /* ic_settingx22.png in Resources */ = {isa = PBXBuildFile; fileRef = 95F4BC192156682A00096BB3 /* ic_settingx22.png */; };
		95F4BC202156689300096BB3 /* ic_calenderx66.png in Resources */ = {isa = PBXBuildFile; fileRef = 95F4BC1D2156689200096BB3 /* ic_calenderx66.png */; };
		95F4BC212156689300096BB3 /* ic_calenderx22.png in Resources */ = {isa = PBXBuildFile; fileRef = 95F4BC1E2156689200096BB3 /* ic_calenderx22.png */; };
		95F4BC222156689300096BB3 /* ic_calenderx44.png in Resources */ = {isa = PBXBuildFile; fileRef = 95F4BC1F2156689200096BB3 /* ic_calenderx44.png */; };
		95F4BC2621566A9900096BB3 /* ic_backx44.png in Resources */ = {isa = PBXBuildFile; fileRef = 95F4BC2321566A9800096BB3 /* ic_backx44.png */; };
		95F4BC2721566A9900096BB3 /* ic_backx66.png in Resources */ = {isa = PBXBuildFile; fileRef = 95F4BC2421566A9900096BB3 /* ic_backx66.png */; };
		95F4BC2821566A9900096BB3 /* ic_backx22.png in Resources */ = {isa = PBXBuildFile; fileRef = 95F4BC2521566A9900096BB3 /* ic_backx22.png */; };
		95F4BC2C21566D3A00096BB3 /* ic_closex22.png in Resources */ = {isa = PBXBuildFile; fileRef = 95F4BC2921566D3900096BB3 /* ic_closex22.png */; };
		95F4BC2D21566D3A00096BB3 /* ic_closex44.png in Resources */ = {isa = PBXBuildFile; fileRef = 95F4BC2A21566D3A00096BB3 /* ic_closex44.png */; };
		95F4BC2E21566D3A00096BB3 /* ic_closex66.png in Resources */ = {isa = PBXBuildFile; fileRef = 95F4BC2B21566D3A00096BB3 /* ic_closex66.png */; };
		95F94CB2210CC33400698066 /* ButtonCustom.swift in Sources */ = {isa = PBXBuildFile; fileRef = 95F94CB1210CC33400698066 /* ButtonCustom.swift */; };
		95F94CB4210CD0F800698066 /* Userdefalts.swift in Sources */ = {isa = PBXBuildFile; fileRef = 95F94CB3210CD0F800698066 /* Userdefalts.swift */; };
		95F94CBE210CD7C500698066 /* Caution.pdf in Resources */ = {isa = PBXBuildFile; fileRef = 95F94CBD210CD7C400698066 /* Caution.pdf */; };
		95F94CC0210CDD5D00698066 /* ImageResizeExtention.swift in Sources */ = {isa = PBXBuildFile; fileRef = 95F94CBF210CDD5D00698066 /* ImageResizeExtention.swift */; };
		95F94CC8210CE99300698066 /* AreaSettingViewController.swift in Sources */ = {isa = PBXBuildFile; fileRef = 95F94CC7210CE99300698066 /* AreaSettingViewController.swift */; };
		95F94CCA210CE9FE00698066 /* AreaSetting.storyboard in Resources */ = {isa = PBXBuildFile; fileRef = 95F94CC9210CE9FE00698066 /* AreaSetting.storyboard */; };
		95F94CCC210D103C00698066 /* PrefecturesSettingViewController.swift in Sources */ = {isa = PBXBuildFile; fileRef = 95F94CCB210D103C00698066 /* PrefecturesSettingViewController.swift */; };
		A9A58900C368D6E16D68652F /* Pods_jp4919UITests.framework in Frameworks */ = {isa = PBXBuildFile; fileRef = 4FB19C531B19BB8930989978 /* Pods_jp4919UITests.framework */; };
		BF2763433476EDB08BFBBC95 /* Pods_jp4919.framework in Frameworks */ = {isa = PBXBuildFile; fileRef = 50725EF76E7040DBBB9DEEA4 /* Pods_jp4919.framework */; };
/* End PBXBuildFile section */

/* Begin PBXContainerItemProxy section */
		95AE8C7C20BED7E20097CBFF /* PBXContainerItemProxy */ = {
			isa = PBXContainerItemProxy;
			containerPortal = 95AE8C5F20BED7E00097CBFF /* Project object */;
			proxyType = 1;
			remoteGlobalIDString = 95AE8C6620BED7E00097CBFF;
			remoteInfo = jp4919;
		};
		95AE8C8720BED7E20097CBFF /* PBXContainerItemProxy */ = {
			isa = PBXContainerItemProxy;
			containerPortal = 95AE8C5F20BED7E00097CBFF /* Project object */;
			proxyType = 1;
			remoteGlobalIDString = 95AE8C6620BED7E00097CBFF;
			remoteInfo = jp4919;
		};
/* End PBXContainerItemProxy section */

/* Begin PBXFileReference section */
		2BB2E259D086CEA0268CF72B /* Pods-jp4919UITests.release.xcconfig */ = {isa = PBXFileReference; includeInIndex = 1; lastKnownFileType = text.xcconfig; name = "Pods-jp4919UITests.release.xcconfig"; path = "Pods/Target Support Files/Pods-jp4919UITests/Pods-jp4919UITests.release.xcconfig"; sourceTree = "<group>"; };
		4FB19C531B19BB8930989978 /* Pods_jp4919UITests.framework */ = {isa = PBXFileReference; explicitFileType = wrapper.framework; includeInIndex = 0; path = Pods_jp4919UITests.framework; sourceTree = BUILT_PRODUCTS_DIR; };
		50725EF76E7040DBBB9DEEA4 /* Pods_jp4919.framework */ = {isa = PBXFileReference; explicitFileType = wrapper.framework; includeInIndex = 0; path = Pods_jp4919.framework; sourceTree = BUILT_PRODUCTS_DIR; };
		5437136C7F1056455389CB7E /* Pods-jp4919UITests.debug.xcconfig */ = {isa = PBXFileReference; includeInIndex = 1; lastKnownFileType = text.xcconfig; name = "Pods-jp4919UITests.debug.xcconfig"; path = "Pods/Target Support Files/Pods-jp4919UITests/Pods-jp4919UITests.debug.xcconfig"; sourceTree = "<group>"; };
		6CBEFEADFEA5EC689206FA8C /* Pods-jp4919.debug.xcconfig */ = {isa = PBXFileReference; includeInIndex = 1; lastKnownFileType = text.xcconfig; name = "Pods-jp4919.debug.xcconfig"; path = "Pods/Target Support Files/Pods-jp4919/Pods-jp4919.debug.xcconfig"; sourceTree = "<group>"; };
		7249BACAC9A9A6E8C5A4B577 /* Pods-jp4919Tests.release.xcconfig */ = {isa = PBXFileReference; includeInIndex = 1; lastKnownFileType = text.xcconfig; name = "Pods-jp4919Tests.release.xcconfig"; path = "Pods/Target Support Files/Pods-jp4919Tests/Pods-jp4919Tests.release.xcconfig"; sourceTree = "<group>"; };
		950C904A210C25F900129E97 /* logo */ = {isa = PBXFileReference; lastKnownFileType = folder; path = logo; sourceTree = "<group>"; };
		950C904C210C279900129E97 /* app_icon */ = {isa = PBXFileReference; lastKnownFileType = folder; path = app_icon; sourceTree = "<group>"; };
		95110BC8210C96AA0036A9DB /* Tutorial.storyboard */ = {isa = PBXFileReference; lastKnownFileType = file.storyboard; path = Tutorial.storyboard; sourceTree = "<group>"; };
		95110BCA210C9FA00036A9DB /* TutorialViewController.swift */ = {isa = PBXFileReference; lastKnownFileType = sourcecode.swift; path = TutorialViewController.swift; sourceTree = "<group>"; };
		95110BCC210CA0720036A9DB /* TodayMenuViewController.swift */ = {isa = PBXFileReference; lastKnownFileType = sourcecode.swift; path = TodayMenuViewController.swift; sourceTree = "<group>"; };
		951C5BE121564CDE00FEA582 /* KodomoRounded.otf */ = {isa = PBXFileReference; lastKnownFileType = file; path = KodomoRounded.otf; sourceTree = "<group>"; };
		951C5BE221564D5600FEA582 /* TanukiMagic.ttf */ = {isa = PBXFileReference; lastKnownFileType = file; path = TanukiMagic.ttf; sourceTree = "<group>"; };
		954AFC212164EB5F0022BB6F /* Illustration.swift */ = {isa = PBXFileReference; lastKnownFileType = sourcecode.swift; name = Illustration.swift; path = jp4919/Model/Illustration.swift; sourceTree = SOURCE_ROOT; };
		954AFC25216545B20022BB6F /* allergy_matsutake.png */ = {isa = PBXFileReference; lastKnownFileType = image.png; path = allergy_matsutake.png; sourceTree = "<group>"; };
		954AFC26216545B20022BB6F /* allergy_ika.png */ = {isa = PBXFileReference; lastKnownFileType = image.png; path = allergy_ika.png; sourceTree = "<group>"; };
		954AFC27216545B20022BB6F /* allergy_momo.png */ = {isa = PBXFileReference; lastKnownFileType = image.png; path = allergy_momo.png; sourceTree = "<group>"; };
		954AFC28216545B20022BB6F /* allergy_butaniku.png */ = {isa = PBXFileReference; lastKnownFileType = image.png; path = allergy_butaniku.png; sourceTree = "<group>"; };
		954AFC29216545B20022BB6F /* allergy_gyuniku.png */ = {isa = PBXFileReference; lastKnownFileType = image.png; path = allergy_gyuniku.png; sourceTree = "<group>"; };
		954AFC2A216545B20022BB6F /* allergy_sake.png */ = {isa = PBXFileReference; lastKnownFileType = image.png; path = allergy_sake.png; sourceTree = "<group>"; };
		954AFC2B216545B20022BB6F /* allergy_awabi.png */ = {isa = PBXFileReference; lastKnownFileType = image.png; path = allergy_awabi.png; sourceTree = "<group>"; };
		954AFC2C216545B20022BB6F /* allergy_gelatine.png */ = {isa = PBXFileReference; lastKnownFileType = image.png; path = allergy_gelatine.png; sourceTree = "<group>"; };
		954AFC2D216545B20022BB6F /* allergy_daizu.png */ = {isa = PBXFileReference; lastKnownFileType = image.png; path = allergy_daizu.png; sourceTree = "<group>"; };
		954AFC2E216545B20022BB6F /* allergy_toriniku.png */ = {isa = PBXFileReference; lastKnownFileType = image.png; path = allergy_toriniku.png; sourceTree = "<group>"; };
		954AFC2F216545B20022BB6F /* allergy_ringo.png */ = {isa = PBXFileReference; lastKnownFileType = image.png; path = allergy_ringo.png; sourceTree = "<group>"; };
		954AFC30216545B20022BB6F /* allergy_kurumi.png */ = {isa = PBXFileReference; lastKnownFileType = image.png; path = allergy_kurumi.png; sourceTree = "<group>"; };
		954AFC31216545B20022BB6F /* allergy_banana.png */ = {isa = PBXFileReference; lastKnownFileType = image.png; path = allergy_banana.png; sourceTree = "<group>"; };
		954AFC32216545B20022BB6F /* allergy_cashew.png */ = {isa = PBXFileReference; lastKnownFileType = image.png; path = allergy_cashew.png; sourceTree = "<group>"; };
		954AFC33216545B20022BB6F /* allergy_mikan.png */ = {isa = PBXFileReference; lastKnownFileType = image.png; path = allergy_mikan.png; sourceTree = "<group>"; };
		954AFC34216545B20022BB6F /* allergy_goma.png */ = {isa = PBXFileReference; lastKnownFileType = image.png; path = allergy_goma.png; sourceTree = "<group>"; };
		954AFC35216545B20022BB6F /* allergy_kiwi.png */ = {isa = PBXFileReference; lastKnownFileType = image.png; path = allergy_kiwi.png; sourceTree = "<group>"; };
		954AFC36216545B20022BB6F /* allergy_saba.png */ = {isa = PBXFileReference; lastKnownFileType = image.png; path = allergy_saba.png; sourceTree = "<group>"; };
		954AFC37216545B20022BB6F /* allergy_yamaimo.png */ = {isa = PBXFileReference; lastKnownFileType = image.png; path = allergy_yamaimo.png; sourceTree = "<group>"; };
		954AFC38216545B20022BB6F /* allergy_ikura.png */ = {isa = PBXFileReference; lastKnownFileType = image.png; path = allergy_ikura.png; sourceTree = "<group>"; };
		954AFC3A216545B60022BB6F /* allergy_soba.png */ = {isa = PBXFileReference; lastKnownFileType = image.png; path = allergy_soba.png; sourceTree = "<group>"; };
		954AFC3B216545B60022BB6F /* allergy_kani.png */ = {isa = PBXFileReference; lastKnownFileType = image.png; path = allergy_kani.png; sourceTree = "<group>"; };
		954AFC3C216545B60022BB6F /* allergy_milk.png */ = {isa = PBXFileReference; lastKnownFileType = image.png; path = allergy_milk.png; sourceTree = "<group>"; };
		954AFC3D216545B60022BB6F /* allergy_komugi.png */ = {isa = PBXFileReference; lastKnownFileType = image.png; path = allergy_komugi.png; sourceTree = "<group>"; };
		954AFC3E216545B60022BB6F /* allergy_peanut.png */ = {isa = PBXFileReference; lastKnownFileType = image.png; path = allergy_peanut.png; sourceTree = "<group>"; };
		954AFC3F216545B60022BB6F /* allergy_tamago.png */ = {isa = PBXFileReference; lastKnownFileType = image.png; path = allergy_tamago.png; sourceTree = "<group>"; };
		954AFC40216545B60022BB6F /* allergy_ebi.png */ = {isa = PBXFileReference; lastKnownFileType = image.png; path = allergy_ebi.png; sourceTree = "<group>"; };
		954AFCEB216560160022BB6F /* foods.ai */ = {isa = PBXFileReference; fileEncoding = 4; lastKnownFileType = text; path = foods.ai; sourceTree = "<group>"; };
		954AFD1B2165659D0022BB6F /* karaage.png */ = {isa = PBXFileReference; lastKnownFileType = image.png; path = karaage.png; sourceTree = "<group>"; };
		954AFD1C2165659D0022BB6F /* kobachi.png */ = {isa = PBXFileReference; lastKnownFileType = image.png; path = kobachi.png; sourceTree = "<group>"; };
		954AFD1D2165659D0022BB6F /* mabodoufu.png */ = {isa = PBXFileReference; lastKnownFileType = image.png; path = mabodoufu.png; sourceTree = "<group>"; };
		954AFD1E2165659D0022BB6F /* sakana_fly.png */ = {isa = PBXFileReference; lastKnownFileType = image.png; path = sakana_fly.png; sourceTree = "<group>"; };
		954AFD1F2165659D0022BB6F /* yasaiitame.png */ = {isa = PBXFileReference; lastKnownFileType = image.png; path = yasaiitame.png; sourceTree = "<group>"; };
		954AFD202165659D0022BB6F /* nuts.png */ = {isa = PBXFileReference; lastKnownFileType = image.png; path = nuts.png; sourceTree = "<group>"; };
		954AFD212165659D0022BB6F /* tonjiru.png */ = {isa = PBXFileReference; lastKnownFileType = image.png; path = tonjiru.png; sourceTree = "<group>"; };
		954AFD222165659D0022BB6F /* nan.png */ = {isa = PBXFileReference; lastKnownFileType = image.png; path = nan.png; sourceTree = "<group>"; };
		954AFD232165659D0022BB6F /* soup.png */ = {isa = PBXFileReference; lastKnownFileType = image.png; path = soup.png; sourceTree = "<group>"; };
		954AFD242165659D0022BB6F /* omlet.png */ = {isa = PBXFileReference; lastKnownFileType = image.png; path = omlet.png; sourceTree = "<group>"; };
		954AFD252165659E0022BB6F /* koppepan.png */ = {isa = PBXFileReference; lastKnownFileType = image.png; path = koppepan.png; sourceTree = "<group>"; };
		954AFD262165659E0022BB6F /* curry.png */ = {isa = PBXFileReference; lastKnownFileType = image.png; path = curry.png; sourceTree = "<group>"; };
		954AFD272165659E0022BB6F /* gohan.png */ = {isa = PBXFileReference; lastKnownFileType = image.png; path = gohan.png; sourceTree = "<group>"; };
		954AFD282165659E0022BB6F /* nattou.png */ = {isa = PBXFileReference; lastKnownFileType = image.png; path = nattou.png; sourceTree = "<group>"; };
		954AFD292165659E0022BB6F /* purin.png */ = {isa = PBXFileReference; lastKnownFileType = image.png; path = purin.png; sourceTree = "<group>"; };
		954AFD2A2165659E0022BB6F /* dressing.png */ = {isa = PBXFileReference; lastKnownFileType = image.png; path = dressing.png; sourceTree = "<group>"; };
		954AFD2B2165659E0022BB6F /* misoshiru.png */ = {isa = PBXFileReference; lastKnownFileType = image.png; path = misoshiru.png; sourceTree = "<group>"; };
		954AFD2C2165659E0022BB6F /* jelly.png */ = {isa = PBXFileReference; lastKnownFileType = image.png; path = jelly.png; sourceTree = "<group>"; };
		954AFD2D2165659E0022BB6F /* hamburg_steak.png */ = {isa = PBXFileReference; lastKnownFileType = image.png; path = hamburg_steak.png; sourceTree = "<group>"; };
		954AFD2E2165659E0022BB6F /* gyunyu.png */ = {isa = PBXFileReference; lastKnownFileType = image.png; path = gyunyu.png; sourceTree = "<group>"; };
		954AFD2F2165659E0022BB6F /* fruit_punch.png */ = {isa = PBXFileReference; lastKnownFileType = image.png; path = fruit_punch.png; sourceTree = "<group>"; };
		954AFD302165659E0022BB6F /* nikuitame.png */ = {isa = PBXFileReference; lastKnownFileType = image.png; path = nikuitame.png; sourceTree = "<group>"; };
		954AFD312165659E0022BB6F /* udon.png */ = {isa = PBXFileReference; lastKnownFileType = image.png; path = udon.png; sourceTree = "<group>"; };
		954AFD322165659E0022BB6F /* yakisakana.png */ = {isa = PBXFileReference; lastKnownFileType = image.png; path = yakisakana.png; sourceTree = "<group>"; };
		954AFD332165659E0022BB6F /* mikan.png */ = {isa = PBXFileReference; lastKnownFileType = image.png; path = mikan.png; sourceTree = "<group>"; };
		954AFD342165659E0022BB6F /* korokke.png */ = {isa = PBXFileReference; lastKnownFileType = image.png; path = korokke.png; sourceTree = "<group>"; };
		954AFD352165659E0022BB6F /* nikujaga.png */ = {isa = PBXFileReference; lastKnownFileType = image.png; path = nikujaga.png; sourceTree = "<group>"; };
		95503DA02156470600928388 /* kokubanB.ttf */ = {isa = PBXFileReference; lastKnownFileType = file; path = kokubanB.ttf; sourceTree = "<group>"; };
		95503DA12156473F00928388 /* crayon_1-1.ttf */ = {isa = PBXFileReference; lastKnownFileType = file; path = "crayon_1-1.ttf"; sourceTree = "<group>"; };
		9581B93E212EADAC00F3A20D /* RelamMember.swift */ = {isa = PBXFileReference; lastKnownFileType = sourcecode.swift; path = RelamMember.swift; sourceTree = "<group>"; };
		9581B940212ED32700F3A20D /* RealmManager.swift */ = {isa = PBXFileReference; lastKnownFileType = sourcecode.swift; path = RealmManager.swift; sourceTree = "<group>"; };
		959403FD2136362800E44409 /* GithubAPIManager.swift */ = {isa = PBXFileReference; lastKnownFileType = sourcecode.swift; path = GithubAPIManager.swift; sourceTree = "<group>"; };
		959403FF21364A7500E44409 /* Config.swift */ = {isa = PBXFileReference; lastKnownFileType = sourcecode.swift; path = Config.swift; sourceTree = "<group>"; };
		9594040321367F7C00E44409 /* CitiesSettingViewController.swift */ = {isa = PBXFileReference; lastKnownFileType = sourcecode.swift; path = CitiesSettingViewController.swift; sourceTree = "<group>"; };
		9594040521368DE400E44409 /* SchoolsSettingViewController.swift */ = {isa = PBXFileReference; lastKnownFileType = sourcecode.swift; path = SchoolsSettingViewController.swift; sourceTree = "<group>"; };
		959404072136E4EA00E44409 /* MenuNavigationViewController.swift */ = {isa = PBXFileReference; lastKnownFileType = sourcecode.swift; path = MenuNavigationViewController.swift; sourceTree = "<group>"; };
		959404092136E97800E44409 /* SettingTableViewController.swift */ = {isa = PBXFileReference; lastKnownFileType = sourcecode.swift; path = SettingTableViewController.swift; sourceTree = "<group>"; };
		9594040B2136E9E300E44409 /* SettingNavigationViewController.swift */ = {isa = PBXFileReference; lastKnownFileType = sourcecode.swift; path = SettingNavigationViewController.swift; sourceTree = "<group>"; };
		959D596E215C137E000B07EA /* FormattedDate.swift */ = {isa = PBXFileReference; lastKnownFileType = sourcecode.swift; path = FormattedDate.swift; sourceTree = "<group>"; };
		959D5970215D1944000B07EA /* MonthlyMenuViewController.swift */ = {isa = PBXFileReference; lastKnownFileType = sourcecode.swift; path = MonthlyMenuViewController.swift; sourceTree = "<group>"; };
		95AE8C6720BED7E00097CBFF /* jp4919.app */ = {isa = PBXFileReference; explicitFileType = wrapper.application; includeInIndex = 0; path = jp4919.app; sourceTree = BUILT_PRODUCTS_DIR; };
		95AE8C6A20BED7E00097CBFF /* AppDelegate.swift */ = {isa = PBXFileReference; lastKnownFileType = sourcecode.swift; path = AppDelegate.swift; sourceTree = "<group>"; };
		95AE8C6C20BED7E00097CBFF /* SplashScreenController.swift */ = {isa = PBXFileReference; lastKnownFileType = sourcecode.swift; path = SplashScreenController.swift; sourceTree = "<group>"; };
		95AE8C7120BED7E20097CBFF /* Assets.xcassets */ = {isa = PBXFileReference; lastKnownFileType = folder.assetcatalog; path = Assets.xcassets; sourceTree = "<group>"; };
		95AE8C7420BED7E20097CBFF /* Base */ = {isa = PBXFileReference; lastKnownFileType = file.storyboard; name = Base; path = Base.lproj/LaunchScreen.storyboard; sourceTree = "<group>"; };
		95AE8C7620BED7E20097CBFF /* Info.plist */ = {isa = PBXFileReference; lastKnownFileType = text.plist.xml; path = Info.plist; sourceTree = "<group>"; };
		95AE8C7B20BED7E20097CBFF /* jp4919Tests.xctest */ = {isa = PBXFileReference; explicitFileType = wrapper.cfbundle; includeInIndex = 0; path = jp4919Tests.xctest; sourceTree = BUILT_PRODUCTS_DIR; };
		95AE8C7F20BED7E20097CBFF /* jp4919Tests.swift */ = {isa = PBXFileReference; lastKnownFileType = sourcecode.swift; path = jp4919Tests.swift; sourceTree = "<group>"; };
		95AE8C8120BED7E20097CBFF /* Info.plist */ = {isa = PBXFileReference; lastKnownFileType = text.plist.xml; path = Info.plist; sourceTree = "<group>"; };
		95AE8C8620BED7E20097CBFF /* jp4919UITests.xctest */ = {isa = PBXFileReference; explicitFileType = wrapper.cfbundle; includeInIndex = 0; path = jp4919UITests.xctest; sourceTree = BUILT_PRODUCTS_DIR; };
		95AE8C8A20BED7E20097CBFF /* jp4919UITests.swift */ = {isa = PBXFileReference; lastKnownFileType = sourcecode.swift; path = jp4919UITests.swift; sourceTree = "<group>"; };
		95AE8C8C20BED7E20097CBFF /* Info.plist */ = {isa = PBXFileReference; lastKnownFileType = text.plist.xml; path = Info.plist; sourceTree = "<group>"; };
		95AEE496210C6BFD00241F2B /* GoogleService-Info.plist */ = {isa = PBXFileReference; fileEncoding = 4; lastKnownFileType = text.plist.xml; path = "GoogleService-Info.plist"; sourceTree = "<group>"; };
		95AEE49D210C915000241F2B /* Main.storyboard */ = {isa = PBXFileReference; lastKnownFileType = file.storyboard; path = Main.storyboard; sourceTree = "<group>"; };
		95AEE49F210C926600241F2B /* SplashScreen.storyboard */ = {isa = PBXFileReference; lastKnownFileType = file.storyboard; path = SplashScreen.storyboard; sourceTree = "<group>"; };
		95D96D6C2133B921005A7EED /* Alamofire.framework */ = {isa = PBXFileReference; explicitFileType = wrapper.framework; path = Alamofire.framework; sourceTree = BUILT_PRODUCTS_DIR; };
		95F4BC032156611B00096BB3 /* circle.png */ = {isa = PBXFileReference; lastKnownFileType = image.png; path = circle.png; sourceTree = "<group>"; };
		95F4BC072156611B00096BB3 /* clipboard.png */ = {isa = PBXFileReference; lastKnownFileType = image.png; path = clipboard.png; sourceTree = "<group>"; };
		95F4BC082156611B00096BB3 /* blackboard.png */ = {isa = PBXFileReference; lastKnownFileType = image.png; path = blackboard.png; sourceTree = "<group>"; };
		95F4BC092156611B00096BB3 /* classroom.png */ = {isa = PBXFileReference; lastKnownFileType = image.png; path = classroom.png; sourceTree = "<group>"; };
		95F4BC0A2156611B00096BB3 /* table.png */ = {isa = PBXFileReference; lastKnownFileType = image.png; path = table.png; sourceTree = "<group>"; };
		95F4BC0B2156611B00096BB3 /* tray.png */ = {isa = PBXFileReference; lastKnownFileType = image.png; path = tray.png; sourceTree = "<group>"; };
		95F4BC172156682A00096BB3 /* ic_settingx44.png */ = {isa = PBXFileReference; lastKnownFileType = image.png; path = ic_settingx44.png; sourceTree = "<group>"; };
		95F4BC182156682A00096BB3 /* ic_settingx66.png */ = {isa = PBXFileReference; lastKnownFileType = image.png; path = ic_settingx66.png; sourceTree = "<group>"; };
		95F4BC192156682A00096BB3 /* ic_settingx22.png */ = {isa = PBXFileReference; lastKnownFileType = image.png; path = ic_settingx22.png; sourceTree = "<group>"; };
		95F4BC1D2156689200096BB3 /* ic_calenderx66.png */ = {isa = PBXFileReference; lastKnownFileType = image.png; path = ic_calenderx66.png; sourceTree = "<group>"; };
		95F4BC1E2156689200096BB3 /* ic_calenderx22.png */ = {isa = PBXFileReference; lastKnownFileType = image.png; path = ic_calenderx22.png; sourceTree = "<group>"; };
		95F4BC1F2156689200096BB3 /* ic_calenderx44.png */ = {isa = PBXFileReference; lastKnownFileType = image.png; path = ic_calenderx44.png; sourceTree = "<group>"; };
		95F4BC2321566A9800096BB3 /* ic_backx44.png */ = {isa = PBXFileReference; lastKnownFileType = image.png; path = ic_backx44.png; sourceTree = "<group>"; };
		95F4BC2421566A9900096BB3 /* ic_backx66.png */ = {isa = PBXFileReference; lastKnownFileType = image.png; path = ic_backx66.png; sourceTree = "<group>"; };
		95F4BC2521566A9900096BB3 /* ic_backx22.png */ = {isa = PBXFileReference; lastKnownFileType = image.png; path = ic_backx22.png; sourceTree = "<group>"; };
		95F4BC2921566D3900096BB3 /* ic_closex22.png */ = {isa = PBXFileReference; lastKnownFileType = image.png; path = ic_closex22.png; sourceTree = "<group>"; };
		95F4BC2A21566D3A00096BB3 /* ic_closex44.png */ = {isa = PBXFileReference; lastKnownFileType = image.png; path = ic_closex44.png; sourceTree = "<group>"; };
		95F4BC2B21566D3A00096BB3 /* ic_closex66.png */ = {isa = PBXFileReference; lastKnownFileType = image.png; path = ic_closex66.png; sourceTree = "<group>"; };
		95F94CB1210CC33400698066 /* ButtonCustom.swift */ = {isa = PBXFileReference; lastKnownFileType = sourcecode.swift; path = ButtonCustom.swift; sourceTree = "<group>"; };
		95F94CB3210CD0F800698066 /* Userdefalts.swift */ = {isa = PBXFileReference; lastKnownFileType = sourcecode.swift; path = Userdefalts.swift; sourceTree = "<group>"; };
		95F94CB8210CD6FC00698066 /* TutorialImage.ai */ = {isa = PBXFileReference; lastKnownFileType = text; path = TutorialImage.ai; sourceTree = "<group>"; };
		95F94CBA210CD6FC00698066 /* Tutorial3.pdf */ = {isa = PBXFileReference; lastKnownFileType = image.pdf; path = Tutorial3.pdf; sourceTree = "<group>"; };
		95F94CBB210CD6FC00698066 /* Tutorial2.pdf */ = {isa = PBXFileReference; lastKnownFileType = image.pdf; path = Tutorial2.pdf; sourceTree = "<group>"; };
		95F94CBD210CD7C400698066 /* Caution.pdf */ = {isa = PBXFileReference; lastKnownFileType = image.pdf; path = Caution.pdf; sourceTree = "<group>"; };
		95F94CBF210CDD5D00698066 /* ImageResizeExtention.swift */ = {isa = PBXFileReference; lastKnownFileType = sourcecode.swift; path = ImageResizeExtention.swift; sourceTree = "<group>"; };
		95F94CC1210CDF3900698066 /* Tutorial1.pdf */ = {isa = PBXFileReference; lastKnownFileType = image.pdf; path = Tutorial1.pdf; sourceTree = "<group>"; };
		95F94CC7210CE99300698066 /* AreaSettingViewController.swift */ = {isa = PBXFileReference; lastKnownFileType = sourcecode.swift; path = AreaSettingViewController.swift; sourceTree = "<group>"; };
		95F94CC9210CE9FE00698066 /* AreaSetting.storyboard */ = {isa = PBXFileReference; lastKnownFileType = file.storyboard; path = AreaSetting.storyboard; sourceTree = "<group>"; };
		95F94CCB210D103C00698066 /* PrefecturesSettingViewController.swift */ = {isa = PBXFileReference; lastKnownFileType = sourcecode.swift; path = PrefecturesSettingViewController.swift; sourceTree = "<group>"; };
		B4B8FE635851AF318C2D1D9C /* Pods-jp4919.release.xcconfig */ = {isa = PBXFileReference; includeInIndex = 1; lastKnownFileType = text.xcconfig; name = "Pods-jp4919.release.xcconfig"; path = "Pods/Target Support Files/Pods-jp4919/Pods-jp4919.release.xcconfig"; sourceTree = "<group>"; };
		B6F68BFB5C2113508F8C1AC8 /* Pods_jp4919Tests.framework */ = {isa = PBXFileReference; explicitFileType = wrapper.framework; includeInIndex = 0; path = Pods_jp4919Tests.framework; sourceTree = BUILT_PRODUCTS_DIR; };
		E037C1561A010369C60E4100 /* Pods-jp4919Tests.debug.xcconfig */ = {isa = PBXFileReference; includeInIndex = 1; lastKnownFileType = text.xcconfig; name = "Pods-jp4919Tests.debug.xcconfig"; path = "Pods/Target Support Files/Pods-jp4919Tests/Pods-jp4919Tests.debug.xcconfig"; sourceTree = "<group>"; };
/* End PBXFileReference section */

/* Begin PBXFrameworksBuildPhase section */
		95AE8C6420BED7E00097CBFF /* Frameworks */ = {
			isa = PBXFrameworksBuildPhase;
			buildActionMask = 2147483647;
			files = (
				BF2763433476EDB08BFBBC95 /* Pods_jp4919.framework in Frameworks */,
			);
			runOnlyForDeploymentPostprocessing = 0;
		};
		95AE8C7820BED7E20097CBFF /* Frameworks */ = {
			isa = PBXFrameworksBuildPhase;
			buildActionMask = 2147483647;
			files = (
				674B04FA220DE5F84FE08119 /* Pods_jp4919Tests.framework in Frameworks */,
			);
			runOnlyForDeploymentPostprocessing = 0;
		};
		95AE8C8320BED7E20097CBFF /* Frameworks */ = {
			isa = PBXFrameworksBuildPhase;
			buildActionMask = 2147483647;
			files = (
				A9A58900C368D6E16D68652F /* Pods_jp4919UITests.framework in Frameworks */,
			);
			runOnlyForDeploymentPostprocessing = 0;
		};
/* End PBXFrameworksBuildPhase section */

/* Begin PBXGroup section */
		8EEC13B07C68972051B5733E /* Pods */ = {
			isa = PBXGroup;
			children = (
				6CBEFEADFEA5EC689206FA8C /* Pods-jp4919.debug.xcconfig */,
				B4B8FE635851AF318C2D1D9C /* Pods-jp4919.release.xcconfig */,
				E037C1561A010369C60E4100 /* Pods-jp4919Tests.debug.xcconfig */,
				7249BACAC9A9A6E8C5A4B577 /* Pods-jp4919Tests.release.xcconfig */,
				5437136C7F1056455389CB7E /* Pods-jp4919UITests.debug.xcconfig */,
				2BB2E259D086CEA0268CF72B /* Pods-jp4919UITests.release.xcconfig */,
			);
			name = Pods;
			sourceTree = "<group>";
		};
		9543C29220D7BCBE00BFAE4F /* img */ = {
			isa = PBXGroup;
			children = (
				954AFC232165456C0022BB6F /* allergen */,
				95F4BC062156611B00096BB3 /* background */,
				954AFCE0216560160022BB6F /* foods */,
				95F4BC022156611B00096BB3 /* icon */,
				950C904C210C279900129E97 /* app_icon */,
				95F94CB7210CD6FC00698066 /* Tutorial */,
				950C904A210C25F900129E97 /* logo */,
			);
			path = img;
			sourceTree = "<group>";
		};
		9543C29320D7BCC900BFAE4F /* Controller */ = {
			isa = PBXGroup;
			children = (
				95AE8C6C20BED7E00097CBFF /* SplashScreenController.swift */,
				95110BCA210C9FA00036A9DB /* TutorialViewController.swift */,
				95F94CC7210CE99300698066 /* AreaSettingViewController.swift */,
				95F94CCB210D103C00698066 /* PrefecturesSettingViewController.swift */,
				9594040321367F7C00E44409 /* CitiesSettingViewController.swift */,
				9594040521368DE400E44409 /* SchoolsSettingViewController.swift */,
				959404072136E4EA00E44409 /* MenuNavigationViewController.swift */,
				95110BCC210CA0720036A9DB /* TodayMenuViewController.swift */,
				959D5970215D1944000B07EA /* MonthlyMenuViewController.swift */,
				9594040B2136E9E300E44409 /* SettingNavigationViewController.swift */,
				959404092136E97800E44409 /* SettingTableViewController.swift */,
			);
			path = Controller;
			sourceTree = "<group>";
		};
		954AFC232165456C0022BB6F /* allergen */ = {
			isa = PBXGroup;
			children = (
				954AFC39216545B60022BB6F /* 7Allergens */,
				954AFC24216545B20022BB6F /* 20Allergens */,
			);
			path = allergen;
			sourceTree = "<group>";
		};
		954AFC24216545B20022BB6F /* 20Allergens */ = {
			isa = PBXGroup;
			children = (
				954AFC25216545B20022BB6F /* allergy_matsutake.png */,
				954AFC26216545B20022BB6F /* allergy_ika.png */,
				954AFC27216545B20022BB6F /* allergy_momo.png */,
				954AFC28216545B20022BB6F /* allergy_butaniku.png */,
				954AFC29216545B20022BB6F /* allergy_gyuniku.png */,
				954AFC2A216545B20022BB6F /* allergy_sake.png */,
				954AFC2B216545B20022BB6F /* allergy_awabi.png */,
				954AFC2C216545B20022BB6F /* allergy_gelatine.png */,
				954AFC2D216545B20022BB6F /* allergy_daizu.png */,
				954AFC2E216545B20022BB6F /* allergy_toriniku.png */,
				954AFC2F216545B20022BB6F /* allergy_ringo.png */,
				954AFC30216545B20022BB6F /* allergy_kurumi.png */,
				954AFC31216545B20022BB6F /* allergy_banana.png */,
				954AFC32216545B20022BB6F /* allergy_cashew.png */,
				954AFC33216545B20022BB6F /* allergy_mikan.png */,
				954AFC34216545B20022BB6F /* allergy_goma.png */,
				954AFC35216545B20022BB6F /* allergy_kiwi.png */,
				954AFC36216545B20022BB6F /* allergy_saba.png */,
				954AFC37216545B20022BB6F /* allergy_yamaimo.png */,
				954AFC38216545B20022BB6F /* allergy_ikura.png */,
			);
			path = 20Allergens;
			sourceTree = "<group>";
		};
		954AFC39216545B60022BB6F /* 7Allergens */ = {
			isa = PBXGroup;
			children = (
				954AFC3A216545B60022BB6F /* allergy_soba.png */,
				954AFC3B216545B60022BB6F /* allergy_kani.png */,
				954AFC3C216545B60022BB6F /* allergy_milk.png */,
				954AFC3D216545B60022BB6F /* allergy_komugi.png */,
				954AFC3E216545B60022BB6F /* allergy_peanut.png */,
				954AFC3F216545B60022BB6F /* allergy_tamago.png */,
				954AFC40216545B60022BB6F /* allergy_ebi.png */,
			);
			path = 7Allergens;
			sourceTree = "<group>";
		};
		954AFCE0216560160022BB6F /* foods */ = {
			isa = PBXGroup;
			children = (
				954AFD262165659E0022BB6F /* curry.png */,
				954AFD2A2165659E0022BB6F /* dressing.png */,
				954AFD2F2165659E0022BB6F /* fruit_punch.png */,
				954AFD272165659E0022BB6F /* gohan.png */,
				954AFD2E2165659E0022BB6F /* gyunyu.png */,
				954AFD2D2165659E0022BB6F /* hamburg_steak.png */,
				954AFD2C2165659E0022BB6F /* jelly.png */,
				954AFD1B2165659D0022BB6F /* karaage.png */,
				954AFD1C2165659D0022BB6F /* kobachi.png */,
				954AFD252165659E0022BB6F /* koppepan.png */,
				954AFD342165659E0022BB6F /* korokke.png */,
				954AFD1D2165659D0022BB6F /* mabodoufu.png */,
				954AFD332165659E0022BB6F /* mikan.png */,
				954AFD2B2165659E0022BB6F /* misoshiru.png */,
				954AFD222165659D0022BB6F /* nan.png */,
				954AFD282165659E0022BB6F /* nattou.png */,
				954AFD302165659E0022BB6F /* nikuitame.png */,
				954AFD352165659E0022BB6F /* nikujaga.png */,
				954AFD202165659D0022BB6F /* nuts.png */,
				954AFD242165659D0022BB6F /* omlet.png */,
				954AFD292165659E0022BB6F /* purin.png */,
				954AFD1E2165659D0022BB6F /* sakana_fly.png */,
				954AFD232165659D0022BB6F /* soup.png */,
				954AFD212165659D0022BB6F /* tonjiru.png */,
				954AFD312165659E0022BB6F /* udon.png */,
				954AFD322165659E0022BB6F /* yakisakana.png */,
				954AFD1F2165659D0022BB6F /* yasaiitame.png */,
				954AFCEB216560160022BB6F /* foods.ai */,
			);
			path = foods;
			sourceTree = "<group>";
		};
		95AE8C5E20BED7E00097CBFF = {
			isa = PBXGroup;
			children = (
				95AE8C6920BED7E00097CBFF /* jp4919 */,
				95AE8C7E20BED7E20097CBFF /* jp4919Tests */,
				95AE8C8920BED7E20097CBFF /* jp4919UITests */,
				95AE8C6820BED7E00097CBFF /* Products */,
				8EEC13B07C68972051B5733E /* Pods */,
				ED5177002FB517670EC388EA /* Frameworks */,
			);
			sourceTree = "<group>";
		};
		95AE8C6820BED7E00097CBFF /* Products */ = {
			isa = PBXGroup;
			children = (
				95AE8C6720BED7E00097CBFF /* jp4919.app */,
				95AE8C7B20BED7E20097CBFF /* jp4919Tests.xctest */,
				95AE8C8620BED7E20097CBFF /* jp4919UITests.xctest */,
			);
			name = Products;
			sourceTree = "<group>";
		};
		95AE8C6920BED7E00097CBFF /* jp4919 */ = {
			isa = PBXGroup;
			children = (
				95AE8C7620BED7E20097CBFF /* Info.plist */,
				95503DA02156470600928388 /* kokubanB.ttf */,
				951C5BE121564CDE00FEA582 /* KodomoRounded.otf */,
				95503DA12156473F00928388 /* crayon_1-1.ttf */,
				951C5BE221564D5600FEA582 /* TanukiMagic.ttf */,
				95AEE496210C6BFD00241F2B /* GoogleService-Info.plist */,
				95AE8C6A20BED7E00097CBFF /* AppDelegate.swift */,
				95AEE498210C6EF700241F2B /* Model */,
				9543C29320D7BCC900BFAE4F /* Controller */,
				95AEE49C210C8A8B00241F2B /* View */,
				95F94CB0210CC31900698066 /* Entity */,
				9543C29220D7BCBE00BFAE4F /* img */,
				95AE8C7120BED7E20097CBFF /* Assets.xcassets */,
			);
			path = jp4919;
			sourceTree = "<group>";
		};
		95AE8C7E20BED7E20097CBFF /* jp4919Tests */ = {
			isa = PBXGroup;
			children = (
				95AE8C7F20BED7E20097CBFF /* jp4919Tests.swift */,
				95AE8C8120BED7E20097CBFF /* Info.plist */,
			);
			path = jp4919Tests;
			sourceTree = "<group>";
		};
		95AE8C8920BED7E20097CBFF /* jp4919UITests */ = {
			isa = PBXGroup;
			children = (
				95AE8C8A20BED7E20097CBFF /* jp4919UITests.swift */,
				95AE8C8C20BED7E20097CBFF /* Info.plist */,
			);
			path = jp4919UITests;
			sourceTree = "<group>";
		};
		95AEE498210C6EF700241F2B /* Model */ = {
			isa = PBXGroup;
			children = (
				9581B940212ED32700F3A20D /* RealmManager.swift */,
				959403FD2136362800E44409 /* GithubAPIManager.swift */,
				959D596E215C137E000B07EA /* FormattedDate.swift */,
				954AFC212164EB5F0022BB6F /* Illustration.swift */,
			);
			path = Model;
			sourceTree = "<group>";
		};
		95AEE49C210C8A8B00241F2B /* View */ = {
			isa = PBXGroup;
			children = (
				95AE8C7320BED7E20097CBFF /* LaunchScreen.storyboard */,
				95AEE49F210C926600241F2B /* SplashScreen.storyboard */,
				95110BC8210C96AA0036A9DB /* Tutorial.storyboard */,
				95F94CC9210CE9FE00698066 /* AreaSetting.storyboard */,
				95AEE49D210C915000241F2B /* Main.storyboard */,
				95F94CB1210CC33400698066 /* ButtonCustom.swift */,
			);
			path = View;
			sourceTree = "<group>";
		};
		95F4BC022156611B00096BB3 /* icon */ = {
			isa = PBXGroup;
			children = (
				95F4BC032156611B00096BB3 /* circle.png */,
				95F4BC1E2156689200096BB3 /* ic_calenderx22.png */,
				95F4BC1F2156689200096BB3 /* ic_calenderx44.png */,
				95F4BC1D2156689200096BB3 /* ic_calenderx66.png */,
				95F4BC2521566A9900096BB3 /* ic_backx22.png */,
				95F4BC2321566A9800096BB3 /* ic_backx44.png */,
				95F4BC2421566A9900096BB3 /* ic_backx66.png */,
				95F4BC2921566D3900096BB3 /* ic_closex22.png */,
				95F4BC2A21566D3A00096BB3 /* ic_closex44.png */,
				95F4BC2B21566D3A00096BB3 /* ic_closex66.png */,
				95F4BC192156682A00096BB3 /* ic_settingx22.png */,
				95F4BC172156682A00096BB3 /* ic_settingx44.png */,
				95F4BC182156682A00096BB3 /* ic_settingx66.png */,
			);
			path = icon;
			sourceTree = "<group>";
		};
		95F4BC062156611B00096BB3 /* background */ = {
			isa = PBXGroup;
			children = (
				95F4BC072156611B00096BB3 /* clipboard.png */,
				95F4BC082156611B00096BB3 /* blackboard.png */,
				95F4BC092156611B00096BB3 /* classroom.png */,
				95F4BC0A2156611B00096BB3 /* table.png */,
				95F4BC0B2156611B00096BB3 /* tray.png */,
			);
			path = background;
			sourceTree = "<group>";
		};
		95F94CB0210CC31900698066 /* Entity */ = {
			isa = PBXGroup;
			children = (
				959403FF21364A7500E44409 /* Config.swift */,
				95F94CB3210CD0F800698066 /* Userdefalts.swift */,
				9581B93E212EADAC00F3A20D /* RelamMember.swift */,
				95F94CBF210CDD5D00698066 /* ImageResizeExtention.swift */,
			);
			path = Entity;
			sourceTree = "<group>";
		};
		95F94CB7210CD6FC00698066 /* Tutorial */ = {
			isa = PBXGroup;
			children = (
				95F94CB8210CD6FC00698066 /* TutorialImage.ai */,
				95F94CBA210CD6FC00698066 /* Tutorial3.pdf */,
				95F94CBD210CD7C400698066 /* Caution.pdf */,
				95F94CBB210CD6FC00698066 /* Tutorial2.pdf */,
				95F94CC1210CDF3900698066 /* Tutorial1.pdf */,
			);
			path = Tutorial;
			sourceTree = "<group>";
		};
		ED5177002FB517670EC388EA /* Frameworks */ = {
			isa = PBXGroup;
			children = (
				95D96D6C2133B921005A7EED /* Alamofire.framework */,
				50725EF76E7040DBBB9DEEA4 /* Pods_jp4919.framework */,
				B6F68BFB5C2113508F8C1AC8 /* Pods_jp4919Tests.framework */,
				4FB19C531B19BB8930989978 /* Pods_jp4919UITests.framework */,
			);
			name = Frameworks;
			sourceTree = "<group>";
		};
/* End PBXGroup section */

/* Begin PBXNativeTarget section */
		95AE8C6620BED7E00097CBFF /* jp4919 */ = {
			isa = PBXNativeTarget;
			buildConfigurationList = 95AE8C8F20BED7E30097CBFF /* Build configuration list for PBXNativeTarget "jp4919" */;
			buildPhases = (
				51CC4D165C064C2050881CFE /* [CP] Check Pods Manifest.lock */,
				95AE8C6320BED7E00097CBFF /* Sources */,
				95AE8C6420BED7E00097CBFF /* Frameworks */,
				95AE8C6520BED7E00097CBFF /* Resources */,
				D62073E407E0F2B013C55513 /* [CP] Embed Pods Frameworks */,
			);
			buildRules = (
			);
			dependencies = (
			);
			name = jp4919;
			productName = jp4919;
			productReference = 95AE8C6720BED7E00097CBFF /* jp4919.app */;
			productType = "com.apple.product-type.application";
		};
		95AE8C7A20BED7E20097CBFF /* jp4919Tests */ = {
			isa = PBXNativeTarget;
			buildConfigurationList = 95AE8C9220BED7E30097CBFF /* Build configuration list for PBXNativeTarget "jp4919Tests" */;
			buildPhases = (
				C51CC9993E072498ADF95A1C /* [CP] Check Pods Manifest.lock */,
				95AE8C7720BED7E20097CBFF /* Sources */,
				95AE8C7820BED7E20097CBFF /* Frameworks */,
				95AE8C7920BED7E20097CBFF /* Resources */,
			);
			buildRules = (
			);
			dependencies = (
				95AE8C7D20BED7E20097CBFF /* PBXTargetDependency */,
			);
			name = jp4919Tests;
			productName = jp4919Tests;
			productReference = 95AE8C7B20BED7E20097CBFF /* jp4919Tests.xctest */;
			productType = "com.apple.product-type.bundle.unit-test";
		};
		95AE8C8520BED7E20097CBFF /* jp4919UITests */ = {
			isa = PBXNativeTarget;
			buildConfigurationList = 95AE8C9520BED7E30097CBFF /* Build configuration list for PBXNativeTarget "jp4919UITests" */;
			buildPhases = (
				6E6636A99130AF8D920DE28F /* [CP] Check Pods Manifest.lock */,
				95AE8C8220BED7E20097CBFF /* Sources */,
				95AE8C8320BED7E20097CBFF /* Frameworks */,
				95AE8C8420BED7E20097CBFF /* Resources */,
			);
			buildRules = (
			);
			dependencies = (
				95AE8C8820BED7E20097CBFF /* PBXTargetDependency */,
			);
			name = jp4919UITests;
			productName = jp4919UITests;
			productReference = 95AE8C8620BED7E20097CBFF /* jp4919UITests.xctest */;
			productType = "com.apple.product-type.bundle.ui-testing";
		};
/* End PBXNativeTarget section */

/* Begin PBXProject section */
		95AE8C5F20BED7E00097CBFF /* Project object */ = {
			isa = PBXProject;
			attributes = {
				LastSwiftUpdateCheck = 0930;
				LastUpgradeCheck = 0930;
				ORGANIZATIONNAME = "shogo-ka";
				TargetAttributes = {
					95AE8C6620BED7E00097CBFF = {
						CreatedOnToolsVersion = 9.3.1;
					};
					95AE8C7A20BED7E20097CBFF = {
						CreatedOnToolsVersion = 9.3.1;
						TestTargetID = 95AE8C6620BED7E00097CBFF;
					};
					95AE8C8520BED7E20097CBFF = {
						CreatedOnToolsVersion = 9.3.1;
						TestTargetID = 95AE8C6620BED7E00097CBFF;
					};
				};
			};
			buildConfigurationList = 95AE8C6220BED7E00097CBFF /* Build configuration list for PBXProject "jp4919" */;
			compatibilityVersion = "Xcode 9.3";
			developmentRegion = en;
			hasScannedForEncodings = 0;
			knownRegions = (
				en,
				Base,
			);
			mainGroup = 95AE8C5E20BED7E00097CBFF;
			productRefGroup = 95AE8C6820BED7E00097CBFF /* Products */;
			projectDirPath = "";
			projectRoot = "";
			targets = (
				95AE8C6620BED7E00097CBFF /* jp4919 */,
				95AE8C7A20BED7E20097CBFF /* jp4919Tests */,
				95AE8C8520BED7E20097CBFF /* jp4919UITests */,
			);
		};
/* End PBXProject section */

/* Begin PBXResourcesBuildPhase section */
		95AE8C6520BED7E00097CBFF /* Resources */ = {
			isa = PBXResourcesBuildPhase;
			buildActionMask = 2147483647;
			files = (
				954AFC41216545B60022BB6F /* allergy_matsutake.png in Resources */,
				954AFD4C2165659E0022BB6F /* udon.png in Resources */,
				954AFD482165659E0022BB6F /* hamburg_steak.png in Resources */,
				95F4BC2D21566D3A00096BB3 /* ic_closex44.png in Resources */,
				954AFD372165659E0022BB6F /* kobachi.png in Resources */,
				951C5BE921565F8000FEA582 /* TanukiMagic.ttf in Resources */,
				954AFD432165659E0022BB6F /* nattou.png in Resources */,
				954AFD3F2165659E0022BB6F /* omlet.png in Resources */,
				95F4BC112156611B00096BB3 /* table.png in Resources */,
				95AEE49E210C915000241F2B /* Main.storyboard in Resources */,
				954AFC52216545B60022BB6F /* allergy_saba.png in Resources */,
				954AFD3D2165659E0022BB6F /* nan.png in Resources */,
				95F4BC1A2156682B00096BB3 /* ic_settingx44.png in Resources */,
				954AFC58216545B60022BB6F /* allergy_komugi.png in Resources */,
				954AFD3C2165659E0022BB6F /* tonjiru.png in Resources */,
				954AFC57216545B60022BB6F /* allergy_milk.png in Resources */,
				954AFD4A2165659E0022BB6F /* fruit_punch.png in Resources */,
				954AFC5B216545B60022BB6F /* allergy_ebi.png in Resources */,
				954AFD3B2165659E0022BB6F /* nuts.png in Resources */,
				95F4BC102156611B00096BB3 /* classroom.png in Resources */,
				95AE8C7520BED7E20097CBFF /* LaunchScreen.storyboard in Resources */,
				95F4BC0C2156611B00096BB3 /* circle.png in Resources */,
				954AFD452165659E0022BB6F /* dressing.png in Resources */,
				95F4BC1B2156682B00096BB3 /* ic_settingx66.png in Resources */,
				954AFD4F2165659E0022BB6F /* korokke.png in Resources */,
				954AFC43216545B60022BB6F /* allergy_momo.png in Resources */,
				954AFD492165659E0022BB6F /* gyunyu.png in Resources */,
				95F94CCA210CE9FE00698066 /* AreaSetting.storyboard in Resources */,
				954AFC51216545B60022BB6F /* allergy_kiwi.png in Resources */,
				954AFC54216545B60022BB6F /* allergy_ikura.png in Resources */,
				95F4BC202156689300096BB3 /* ic_calenderx66.png in Resources */,
				950C904B210C25F900129E97 /* logo in Resources */,
				95F4BC212156689300096BB3 /* ic_calenderx22.png in Resources */,
				954AFC4A216545B60022BB6F /* allergy_toriniku.png in Resources */,
				954AFD422165659E0022BB6F /* gohan.png in Resources */,
				954AFD362165659E0022BB6F /* karaage.png in Resources */,
				954AFC47216545B60022BB6F /* allergy_awabi.png in Resources */,
				954AFD502165659E0022BB6F /* nikujaga.png in Resources */,
				954AFC42216545B60022BB6F /* allergy_ika.png in Resources */,
				954AFC44216545B60022BB6F /* allergy_butaniku.png in Resources */,
				954AFC45216545B60022BB6F /* allergy_gyuniku.png in Resources */,
				954AFD462165659E0022BB6F /* misoshiru.png in Resources */,
				954AFD472165659E0022BB6F /* jelly.png in Resources */,
				954AFD442165659E0022BB6F /* purin.png in Resources */,
				954AFD392165659E0022BB6F /* sakana_fly.png in Resources */,
				954AFC4E216545B60022BB6F /* allergy_cashew.png in Resources */,
				95AE8C7220BED7E20097CBFF /* Assets.xcassets in Resources */,
				95F4BC2721566A9900096BB3 /* ic_backx66.png in Resources */,
				95F4BC2621566A9900096BB3 /* ic_backx44.png in Resources */,
				95F4BC2821566A9900096BB3 /* ic_backx22.png in Resources */,
				954AFD3A2165659E0022BB6F /* yasaiitame.png in Resources */,
				95F4BC222156689300096BB3 /* ic_calenderx44.png in Resources */,
				954AFD382165659E0022BB6F /* mabodoufu.png in Resources */,
				954AFD4B2165659E0022BB6F /* nikuitame.png in Resources */,
				954AFD402165659E0022BB6F /* koppepan.png in Resources */,
				954AFC5A216545B60022BB6F /* allergy_tamago.png in Resources */,
				954AFC55216545B60022BB6F /* allergy_soba.png in Resources */,
				954AFD4D2165659E0022BB6F /* yakisakana.png in Resources */,
				95F4BC1C2156682B00096BB3 /* ic_settingx22.png in Resources */,
				950C904D210C279900129E97 /* app_icon in Resources */,
				954AFD08216560170022BB6F /* foods.ai in Resources */,
				95F4BC122156611B00096BB3 /* tray.png in Resources */,
				954AFD4E2165659E0022BB6F /* mikan.png in Resources */,
				954AFC59216545B60022BB6F /* allergy_peanut.png in Resources */,
				954AFC48216545B60022BB6F /* allergy_gelatine.png in Resources */,
				95F94CBE210CD7C500698066 /* Caution.pdf in Resources */,
				954AFC4F216545B60022BB6F /* allergy_mikan.png in Resources */,
				954AFD3E2165659E0022BB6F /* soup.png in Resources */,
				954AFC53216545B60022BB6F /* allergy_yamaimo.png in Resources */,
				95F4BC0E2156611B00096BB3 /* clipboard.png in Resources */,
				954AFC50216545B60022BB6F /* allergy_goma.png in Resources */,
				954AFC4C216545B60022BB6F /* allergy_kurumi.png in Resources */,
				954AFD412165659E0022BB6F /* curry.png in Resources */,
				954AFC49216545B60022BB6F /* allergy_daizu.png in Resources */,
				95AEE497210C6BFD00241F2B /* GoogleService-Info.plist in Resources */,
				95F4BC2C21566D3A00096BB3 /* ic_closex22.png in Resources */,
				954AFC4B216545B60022BB6F /* allergy_ringo.png in Resources */,
				95110BC9210C96AA0036A9DB /* Tutorial.storyboard in Resources */,
				95F4BC0F2156611B00096BB3 /* blackboard.png in Resources */,
				95AEE4A0210C926600241F2B /* SplashScreen.storyboard in Resources */,
				95F4BC2E21566D3A00096BB3 /* ic_closex66.png in Resources */,
				954AFC46216545B60022BB6F /* allergy_sake.png in Resources */,
				954AFC4D216545B60022BB6F /* allergy_banana.png in Resources */,
				954AFC56216545B60022BB6F /* allergy_kani.png in Resources */,
			);
			runOnlyForDeploymentPostprocessing = 0;
		};
		95AE8C7920BED7E20097CBFF /* Resources */ = {
			isa = PBXResourcesBuildPhase;
			buildActionMask = 2147483647;
			files = (
			);
			runOnlyForDeploymentPostprocessing = 0;
		};
		95AE8C8420BED7E20097CBFF /* Resources */ = {
			isa = PBXResourcesBuildPhase;
			buildActionMask = 2147483647;
			files = (
			);
			runOnlyForDeploymentPostprocessing = 0;
		};
/* End PBXResourcesBuildPhase section */

/* Begin PBXShellScriptBuildPhase section */
		51CC4D165C064C2050881CFE /* [CP] Check Pods Manifest.lock */ = {
			isa = PBXShellScriptBuildPhase;
			buildActionMask = 2147483647;
			files = (
			);
			inputPaths = (
				"${PODS_PODFILE_DIR_PATH}/Podfile.lock",
				"${PODS_ROOT}/Manifest.lock",
			);
			name = "[CP] Check Pods Manifest.lock";
			outputPaths = (
				"$(DERIVED_FILE_DIR)/Pods-jp4919-checkManifestLockResult.txt",
			);
			runOnlyForDeploymentPostprocessing = 0;
			shellPath = /bin/sh;
			shellScript = "diff \"${PODS_PODFILE_DIR_PATH}/Podfile.lock\" \"${PODS_ROOT}/Manifest.lock\" > /dev/null\nif [ $? != 0 ] ; then\n    # print error to STDERR\n    echo \"error: The sandbox is not in sync with the Podfile.lock. Run 'pod install' or update your CocoaPods installation.\" >&2\n    exit 1\nfi\n# This output is used by Xcode 'outputs' to avoid re-running this script phase.\necho \"SUCCESS\" > \"${SCRIPT_OUTPUT_FILE_0}\"\n";
			showEnvVarsInLog = 0;
		};
		6E6636A99130AF8D920DE28F /* [CP] Check Pods Manifest.lock */ = {
			isa = PBXShellScriptBuildPhase;
			buildActionMask = 2147483647;
			files = (
			);
			inputPaths = (
				"${PODS_PODFILE_DIR_PATH}/Podfile.lock",
				"${PODS_ROOT}/Manifest.lock",
			);
			name = "[CP] Check Pods Manifest.lock";
			outputPaths = (
				"$(DERIVED_FILE_DIR)/Pods-jp4919UITests-checkManifestLockResult.txt",
			);
			runOnlyForDeploymentPostprocessing = 0;
			shellPath = /bin/sh;
			shellScript = "diff \"${PODS_PODFILE_DIR_PATH}/Podfile.lock\" \"${PODS_ROOT}/Manifest.lock\" > /dev/null\nif [ $? != 0 ] ; then\n    # print error to STDERR\n    echo \"error: The sandbox is not in sync with the Podfile.lock. Run 'pod install' or update your CocoaPods installation.\" >&2\n    exit 1\nfi\n# This output is used by Xcode 'outputs' to avoid re-running this script phase.\necho \"SUCCESS\" > \"${SCRIPT_OUTPUT_FILE_0}\"\n";
			showEnvVarsInLog = 0;
		};
		C51CC9993E072498ADF95A1C /* [CP] Check Pods Manifest.lock */ = {
			isa = PBXShellScriptBuildPhase;
			buildActionMask = 2147483647;
			files = (
			);
			inputPaths = (
				"${PODS_PODFILE_DIR_PATH}/Podfile.lock",
				"${PODS_ROOT}/Manifest.lock",
			);
			name = "[CP] Check Pods Manifest.lock";
			outputPaths = (
				"$(DERIVED_FILE_DIR)/Pods-jp4919Tests-checkManifestLockResult.txt",
			);
			runOnlyForDeploymentPostprocessing = 0;
			shellPath = /bin/sh;
			shellScript = "diff \"${PODS_PODFILE_DIR_PATH}/Podfile.lock\" \"${PODS_ROOT}/Manifest.lock\" > /dev/null\nif [ $? != 0 ] ; then\n    # print error to STDERR\n    echo \"error: The sandbox is not in sync with the Podfile.lock. Run 'pod install' or update your CocoaPods installation.\" >&2\n    exit 1\nfi\n# This output is used by Xcode 'outputs' to avoid re-running this script phase.\necho \"SUCCESS\" > \"${SCRIPT_OUTPUT_FILE_0}\"\n";
			showEnvVarsInLog = 0;
		};
		D62073E407E0F2B013C55513 /* [CP] Embed Pods Frameworks */ = {
			isa = PBXShellScriptBuildPhase;
			buildActionMask = 2147483647;
			files = (
			);
			inputPaths = (
				"${SRCROOT}/Pods/Target Support Files/Pods-jp4919/Pods-jp4919-frameworks.sh",
				"${BUILT_PRODUCTS_DIR}/AFNetworking/AFNetworking.framework",
				"${BUILT_PRODUCTS_DIR}/Alamofire/Alamofire.framework",
				"${BUILT_PRODUCTS_DIR}/GoogleUtilities/GoogleUtilities.framework",
				"${BUILT_PRODUCTS_DIR}/MBProgressHUD/MBProgressHUD.framework",
				"${BUILT_PRODUCTS_DIR}/Realm/Realm.framework",
				"${BUILT_PRODUCTS_DIR}/RealmSwift/RealmSwift.framework",
				"${BUILT_PRODUCTS_DIR}/SwiftyJSON/SwiftyJSON.framework",
				"${BUILT_PRODUCTS_DIR}/leveldb-library/leveldb.framework",
				"${BUILT_PRODUCTS_DIR}/nanopb/nanopb.framework",
			);
			name = "[CP] Embed Pods Frameworks";
			outputPaths = (
				"${TARGET_BUILD_DIR}/${FRAMEWORKS_FOLDER_PATH}/AFNetworking.framework",
				"${TARGET_BUILD_DIR}/${FRAMEWORKS_FOLDER_PATH}/Alamofire.framework",
				"${TARGET_BUILD_DIR}/${FRAMEWORKS_FOLDER_PATH}/GoogleUtilities.framework",
				"${TARGET_BUILD_DIR}/${FRAMEWORKS_FOLDER_PATH}/MBProgressHUD.framework",
				"${TARGET_BUILD_DIR}/${FRAMEWORKS_FOLDER_PATH}/Realm.framework",
				"${TARGET_BUILD_DIR}/${FRAMEWORKS_FOLDER_PATH}/RealmSwift.framework",
				"${TARGET_BUILD_DIR}/${FRAMEWORKS_FOLDER_PATH}/SwiftyJSON.framework",
				"${TARGET_BUILD_DIR}/${FRAMEWORKS_FOLDER_PATH}/leveldb.framework",
				"${TARGET_BUILD_DIR}/${FRAMEWORKS_FOLDER_PATH}/nanopb.framework",
			);
			runOnlyForDeploymentPostprocessing = 0;
			shellPath = /bin/sh;
			shellScript = "\"${SRCROOT}/Pods/Target Support Files/Pods-jp4919/Pods-jp4919-frameworks.sh\"\n";
			showEnvVarsInLog = 0;
		};
/* End PBXShellScriptBuildPhase section */

/* Begin PBXSourcesBuildPhase section */
		95AE8C6320BED7E00097CBFF /* Sources */ = {
			isa = PBXSourcesBuildPhase;
			buildActionMask = 2147483647;
			files = (
				9594040421367F7C00E44409 /* CitiesSettingViewController.swift in Sources */,
				959404082136E4EA00E44409 /* MenuNavigationViewController.swift in Sources */,
				95F94CB4210CD0F800698066 /* Userdefalts.swift in Sources */,
				95F94CC0210CDD5D00698066 /* ImageResizeExtention.swift in Sources */,
				9594040A2136E97800E44409 /* SettingTableViewController.swift in Sources */,
				9594040021364A7500E44409 /* Config.swift in Sources */,
				95F94CCC210D103C00698066 /* PrefecturesSettingViewController.swift in Sources */,
				954AFC222164EB5F0022BB6F /* Illustration.swift in Sources */,
				95AE8C6D20BED7E00097CBFF /* SplashScreenController.swift in Sources */,
				9581B941212ED32700F3A20D /* RealmManager.swift in Sources */,
				95110BCD210CA0720036A9DB /* TodayMenuViewController.swift in Sources */,
				959D596F215C137E000B07EA /* FormattedDate.swift in Sources */,
				9594040621368DE400E44409 /* SchoolsSettingViewController.swift in Sources */,
				95F94CC8210CE99300698066 /* AreaSettingViewController.swift in Sources */,
				95110BCB210C9FA00036A9DB /* TutorialViewController.swift in Sources */,
				9581B93F212EADAC00F3A20D /* RelamMember.swift in Sources */,
				95F94CB2210CC33400698066 /* ButtonCustom.swift in Sources */,
				9594040C2136E9E300E44409 /* SettingNavigationViewController.swift in Sources */,
				95AE8C6B20BED7E00097CBFF /* AppDelegate.swift in Sources */,
				959403FE2136362800E44409 /* GithubAPIManager.swift in Sources */,
				959D5971215D1944000B07EA /* MonthlyMenuViewController.swift in Sources */,
			);
			runOnlyForDeploymentPostprocessing = 0;
		};
		95AE8C7720BED7E20097CBFF /* Sources */ = {
			isa = PBXSourcesBuildPhase;
			buildActionMask = 2147483647;
			files = (
				95AE8C8020BED7E20097CBFF /* jp4919Tests.swift in Sources */,
			);
			runOnlyForDeploymentPostprocessing = 0;
		};
		95AE8C8220BED7E20097CBFF /* Sources */ = {
			isa = PBXSourcesBuildPhase;
			buildActionMask = 2147483647;
			files = (
				95AE8C8B20BED7E20097CBFF /* jp4919UITests.swift in Sources */,
			);
			runOnlyForDeploymentPostprocessing = 0;
		};
/* End PBXSourcesBuildPhase section */

/* Begin PBXTargetDependency section */
		95AE8C7D20BED7E20097CBFF /* PBXTargetDependency */ = {
			isa = PBXTargetDependency;
			target = 95AE8C6620BED7E00097CBFF /* jp4919 */;
			targetProxy = 95AE8C7C20BED7E20097CBFF /* PBXContainerItemProxy */;
		};
		95AE8C8820BED7E20097CBFF /* PBXTargetDependency */ = {
			isa = PBXTargetDependency;
			target = 95AE8C6620BED7E00097CBFF /* jp4919 */;
			targetProxy = 95AE8C8720BED7E20097CBFF /* PBXContainerItemProxy */;
		};
/* End PBXTargetDependency section */

/* Begin PBXVariantGroup section */
		95AE8C7320BED7E20097CBFF /* LaunchScreen.storyboard */ = {
			isa = PBXVariantGroup;
			children = (
				95AE8C7420BED7E20097CBFF /* Base */,
			);
			name = LaunchScreen.storyboard;
			sourceTree = "<group>";
		};
/* End PBXVariantGroup section */

/* Begin XCBuildConfiguration section */
		95AE8C8D20BED7E30097CBFF /* Debug */ = {
			isa = XCBuildConfiguration;
			buildSettings = {
				ALWAYS_SEARCH_USER_PATHS = NO;
				CLANG_ANALYZER_NONNULL = YES;
				CLANG_ANALYZER_NUMBER_OBJECT_CONVERSION = YES_AGGRESSIVE;
				CLANG_CXX_LANGUAGE_STANDARD = "gnu++14";
				CLANG_CXX_LIBRARY = "libc++";
				CLANG_ENABLE_MODULES = YES;
				CLANG_ENABLE_OBJC_ARC = YES;
				CLANG_ENABLE_OBJC_WEAK = YES;
				CLANG_WARN_BLOCK_CAPTURE_AUTORELEASING = YES;
				CLANG_WARN_BOOL_CONVERSION = YES;
				CLANG_WARN_COMMA = YES;
				CLANG_WARN_CONSTANT_CONVERSION = YES;
				CLANG_WARN_DEPRECATED_OBJC_IMPLEMENTATIONS = YES;
				CLANG_WARN_DIRECT_OBJC_ISA_USAGE = YES_ERROR;
				CLANG_WARN_DOCUMENTATION_COMMENTS = YES;
				CLANG_WARN_EMPTY_BODY = YES;
				CLANG_WARN_ENUM_CONVERSION = YES;
				CLANG_WARN_INFINITE_RECURSION = YES;
				CLANG_WARN_INT_CONVERSION = YES;
				CLANG_WARN_NON_LITERAL_NULL_CONVERSION = YES;
				CLANG_WARN_OBJC_IMPLICIT_RETAIN_SELF = YES;
				CLANG_WARN_OBJC_LITERAL_CONVERSION = YES;
				CLANG_WARN_OBJC_ROOT_CLASS = YES_ERROR;
				CLANG_WARN_RANGE_LOOP_ANALYSIS = YES;
				CLANG_WARN_STRICT_PROTOTYPES = YES;
				CLANG_WARN_SUSPICIOUS_MOVE = YES;
				CLANG_WARN_UNGUARDED_AVAILABILITY = YES_AGGRESSIVE;
				CLANG_WARN_UNREACHABLE_CODE = YES;
				CLANG_WARN__DUPLICATE_METHOD_MATCH = YES;
				CODE_SIGN_IDENTITY = "iPhone Developer";
				COPY_PHASE_STRIP = NO;
				DEBUG_INFORMATION_FORMAT = dwarf;
				ENABLE_STRICT_OBJC_MSGSEND = YES;
				ENABLE_TESTABILITY = YES;
				GCC_C_LANGUAGE_STANDARD = gnu11;
				GCC_DYNAMIC_NO_PIC = NO;
				GCC_NO_COMMON_BLOCKS = YES;
				GCC_OPTIMIZATION_LEVEL = 0;
				GCC_PREPROCESSOR_DEFINITIONS = (
					"DEBUG=1",
					"$(inherited)",
				);
				GCC_WARN_64_TO_32_BIT_CONVERSION = YES;
				GCC_WARN_ABOUT_RETURN_TYPE = YES_ERROR;
				GCC_WARN_UNDECLARED_SELECTOR = YES;
				GCC_WARN_UNINITIALIZED_AUTOS = YES_AGGRESSIVE;
				GCC_WARN_UNUSED_FUNCTION = YES;
				GCC_WARN_UNUSED_VARIABLE = YES;
				IPHONEOS_DEPLOYMENT_TARGET = 11.3;
				MTL_ENABLE_DEBUG_INFO = YES;
				ONLY_ACTIVE_ARCH = YES;
				SDKROOT = iphoneos;
				SWIFT_ACTIVE_COMPILATION_CONDITIONS = DEBUG;
				SWIFT_OPTIMIZATION_LEVEL = "-Onone";
			};
			name = Debug;
		};
		95AE8C8E20BED7E30097CBFF /* Release */ = {
			isa = XCBuildConfiguration;
			buildSettings = {
				ALWAYS_SEARCH_USER_PATHS = NO;
				CLANG_ANALYZER_NONNULL = YES;
				CLANG_ANALYZER_NUMBER_OBJECT_CONVERSION = YES_AGGRESSIVE;
				CLANG_CXX_LANGUAGE_STANDARD = "gnu++14";
				CLANG_CXX_LIBRARY = "libc++";
				CLANG_ENABLE_MODULES = YES;
				CLANG_ENABLE_OBJC_ARC = YES;
				CLANG_ENABLE_OBJC_WEAK = YES;
				CLANG_WARN_BLOCK_CAPTURE_AUTORELEASING = YES;
				CLANG_WARN_BOOL_CONVERSION = YES;
				CLANG_WARN_COMMA = YES;
				CLANG_WARN_CONSTANT_CONVERSION = YES;
				CLANG_WARN_DEPRECATED_OBJC_IMPLEMENTATIONS = YES;
				CLANG_WARN_DIRECT_OBJC_ISA_USAGE = YES_ERROR;
				CLANG_WARN_DOCUMENTATION_COMMENTS = YES;
				CLANG_WARN_EMPTY_BODY = YES;
				CLANG_WARN_ENUM_CONVERSION = YES;
				CLANG_WARN_INFINITE_RECURSION = YES;
				CLANG_WARN_INT_CONVERSION = YES;
				CLANG_WARN_NON_LITERAL_NULL_CONVERSION = YES;
				CLANG_WARN_OBJC_IMPLICIT_RETAIN_SELF = YES;
				CLANG_WARN_OBJC_LITERAL_CONVERSION = YES;
				CLANG_WARN_OBJC_ROOT_CLASS = YES_ERROR;
				CLANG_WARN_RANGE_LOOP_ANALYSIS = YES;
				CLANG_WARN_STRICT_PROTOTYPES = YES;
				CLANG_WARN_SUSPICIOUS_MOVE = YES;
				CLANG_WARN_UNGUARDED_AVAILABILITY = YES_AGGRESSIVE;
				CLANG_WARN_UNREACHABLE_CODE = YES;
				CLANG_WARN__DUPLICATE_METHOD_MATCH = YES;
				CODE_SIGN_IDENTITY = "iPhone Developer";
				COPY_PHASE_STRIP = NO;
				DEBUG_INFORMATION_FORMAT = "dwarf-with-dsym";
				ENABLE_NS_ASSERTIONS = NO;
				ENABLE_STRICT_OBJC_MSGSEND = YES;
				GCC_C_LANGUAGE_STANDARD = gnu11;
				GCC_NO_COMMON_BLOCKS = YES;
				GCC_WARN_64_TO_32_BIT_CONVERSION = YES;
				GCC_WARN_ABOUT_RETURN_TYPE = YES_ERROR;
				GCC_WARN_UNDECLARED_SELECTOR = YES;
				GCC_WARN_UNINITIALIZED_AUTOS = YES_AGGRESSIVE;
				GCC_WARN_UNUSED_FUNCTION = YES;
				GCC_WARN_UNUSED_VARIABLE = YES;
				IPHONEOS_DEPLOYMENT_TARGET = 11.3;
				MTL_ENABLE_DEBUG_INFO = NO;
				SDKROOT = iphoneos;
				SWIFT_COMPILATION_MODE = wholemodule;
				SWIFT_OPTIMIZATION_LEVEL = "-O";
				VALIDATE_PRODUCT = YES;
			};
			name = Release;
		};
		95AE8C9020BED7E30097CBFF /* Debug */ = {
			isa = XCBuildConfiguration;
			baseConfigurationReference = 6CBEFEADFEA5EC689206FA8C /* Pods-jp4919.debug.xcconfig */;
			buildSettings = {
				ASSETCATALOG_COMPILER_APPICON_NAME = AppIcon;
				CODE_SIGN_STYLE = Automatic;
				DEVELOPMENT_TEAM = ZY6FK4H66Q;
				INFOPLIST_FILE = jp4919/Info.plist;
				IPHONEOS_DEPLOYMENT_TARGET = 9.0;
				LD_RUNPATH_SEARCH_PATHS = (
					"$(inherited)",
					"@executable_path/Frameworks",
				);
				PRODUCT_BUNDLE_IDENTIFIER = "jp.naist.ubi-lab.jp4919";
				PRODUCT_NAME = "$(TARGET_NAME)";
				SWIFT_VERSION = 4.0;
				TARGETED_DEVICE_FAMILY = "1,2";
			};
			name = Debug;
		};
		95AE8C9120BED7E30097CBFF /* Release */ = {
			isa = XCBuildConfiguration;
			baseConfigurationReference = B4B8FE635851AF318C2D1D9C /* Pods-jp4919.release.xcconfig */;
			buildSettings = {
				ASSETCATALOG_COMPILER_APPICON_NAME = AppIcon;
				CODE_SIGN_STYLE = Automatic;
				DEVELOPMENT_TEAM = ZY6FK4H66Q;
				INFOPLIST_FILE = jp4919/Info.plist;
				IPHONEOS_DEPLOYMENT_TARGET = 9.0;
				LD_RUNPATH_SEARCH_PATHS = (
					"$(inherited)",
					"@executable_path/Frameworks",
				);
				PRODUCT_BUNDLE_IDENTIFIER = "jp.naist.ubi-lab.jp4919";
				PRODUCT_NAME = "$(TARGET_NAME)";
				SWIFT_VERSION = 4.0;
				TARGETED_DEVICE_FAMILY = "1,2";
			};
			name = Release;
		};
		95AE8C9320BED7E30097CBFF /* Debug */ = {
			isa = XCBuildConfiguration;
			baseConfigurationReference = E037C1561A010369C60E4100 /* Pods-jp4919Tests.debug.xcconfig */;
			buildSettings = {
				ALWAYS_EMBED_SWIFT_STANDARD_LIBRARIES = YES;
				BUNDLE_LOADER = "$(TEST_HOST)";
				CODE_SIGN_STYLE = Automatic;
				DEVELOPMENT_TEAM = ZY6FK4H66Q;
				INFOPLIST_FILE = jp4919Tests/Info.plist;
				LD_RUNPATH_SEARCH_PATHS = (
					"$(inherited)",
					"@executable_path/Frameworks",
					"@loader_path/Frameworks",
				);
				PRODUCT_BUNDLE_IDENTIFIER = "jp.naist.ubi-lab.jp4919Tests";
				PRODUCT_NAME = "$(TARGET_NAME)";
				SWIFT_VERSION = 4.0;
				TARGETED_DEVICE_FAMILY = "1,2";
				TEST_HOST = "$(BUILT_PRODUCTS_DIR)/jp4919.app/jp4919";
			};
			name = Debug;
		};
		95AE8C9420BED7E30097CBFF /* Release */ = {
			isa = XCBuildConfiguration;
			baseConfigurationReference = 7249BACAC9A9A6E8C5A4B577 /* Pods-jp4919Tests.release.xcconfig */;
			buildSettings = {
				ALWAYS_EMBED_SWIFT_STANDARD_LIBRARIES = YES;
				BUNDLE_LOADER = "$(TEST_HOST)";
				CODE_SIGN_STYLE = Automatic;
				DEVELOPMENT_TEAM = ZY6FK4H66Q;
				INFOPLIST_FILE = jp4919Tests/Info.plist;
				LD_RUNPATH_SEARCH_PATHS = (
					"$(inherited)",
					"@executable_path/Frameworks",
					"@loader_path/Frameworks",
				);
				PRODUCT_BUNDLE_IDENTIFIER = "jp.naist.ubi-lab.jp4919Tests";
				PRODUCT_NAME = "$(TARGET_NAME)";
				SWIFT_VERSION = 4.0;
				TARGETED_DEVICE_FAMILY = "1,2";
				TEST_HOST = "$(BUILT_PRODUCTS_DIR)/jp4919.app/jp4919";
			};
			name = Release;
		};
		95AE8C9620BED7E30097CBFF /* Debug */ = {
			isa = XCBuildConfiguration;
			baseConfigurationReference = 5437136C7F1056455389CB7E /* Pods-jp4919UITests.debug.xcconfig */;
			buildSettings = {
				ALWAYS_EMBED_SWIFT_STANDARD_LIBRARIES = YES;
				CODE_SIGN_STYLE = Automatic;
				DEVELOPMENT_TEAM = ZY6FK4H66Q;
				INFOPLIST_FILE = jp4919UITests/Info.plist;
				LD_RUNPATH_SEARCH_PATHS = (
					"$(inherited)",
					"@executable_path/Frameworks",
					"@loader_path/Frameworks",
				);
				PRODUCT_BUNDLE_IDENTIFIER = "jp.naist.ubi-lab.jp4919UITests";
				PRODUCT_NAME = "$(TARGET_NAME)";
				SWIFT_VERSION = 4.0;
				TARGETED_DEVICE_FAMILY = "1,2";
				TEST_TARGET_NAME = jp4919;
			};
			name = Debug;
		};
		95AE8C9720BED7E30097CBFF /* Release */ = {
			isa = XCBuildConfiguration;
			baseConfigurationReference = 2BB2E259D086CEA0268CF72B /* Pods-jp4919UITests.release.xcconfig */;
			buildSettings = {
				ALWAYS_EMBED_SWIFT_STANDARD_LIBRARIES = YES;
				CODE_SIGN_STYLE = Automatic;
				DEVELOPMENT_TEAM = ZY6FK4H66Q;
				INFOPLIST_FILE = jp4919UITests/Info.plist;
				LD_RUNPATH_SEARCH_PATHS = (
					"$(inherited)",
					"@executable_path/Frameworks",
					"@loader_path/Frameworks",
				);
				PRODUCT_BUNDLE_IDENTIFIER = "jp.naist.ubi-lab.jp4919UITests";
				PRODUCT_NAME = "$(TARGET_NAME)";
				SWIFT_VERSION = 4.0;
				TARGETED_DEVICE_FAMILY = "1,2";
				TEST_TARGET_NAME = jp4919;
			};
			name = Release;
		};
/* End XCBuildConfiguration section */

/* Begin XCConfigurationList section */
		95AE8C6220BED7E00097CBFF /* Build configuration list for PBXProject "jp4919" */ = {
			isa = XCConfigurationList;
			buildConfigurations = (
				95AE8C8D20BED7E30097CBFF /* Debug */,
				95AE8C8E20BED7E30097CBFF /* Release */,
			);
			defaultConfigurationIsVisible = 0;
			defaultConfigurationName = Release;
		};
		95AE8C8F20BED7E30097CBFF /* Build configuration list for PBXNativeTarget "jp4919" */ = {
			isa = XCConfigurationList;
			buildConfigurations = (
				95AE8C9020BED7E30097CBFF /* Debug */,
				95AE8C9120BED7E30097CBFF /* Release */,
			);
			defaultConfigurationIsVisible = 0;
			defaultConfigurationName = Release;
		};
		95AE8C9220BED7E30097CBFF /* Build configuration list for PBXNativeTarget "jp4919Tests" */ = {
			isa = XCConfigurationList;
			buildConfigurations = (
				95AE8C9320BED7E30097CBFF /* Debug */,
				95AE8C9420BED7E30097CBFF /* Release */,
			);
			defaultConfigurationIsVisible = 0;
			defaultConfigurationName = Release;
		};
		95AE8C9520BED7E30097CBFF /* Build configuration list for PBXNativeTarget "jp4919UITests" */ = {
			isa = XCConfigurationList;
			buildConfigurations = (
				95AE8C9620BED7E30097CBFF /* Debug */,
				95AE8C9720BED7E30097CBFF /* Release */,
			);
			defaultConfigurationIsVisible = 0;
			defaultConfigurationName = Release;
		};
/* End XCConfigurationList section */
	};
	rootObject = 95AE8C5F20BED7E00097CBFF /* Project object */;
}
